PODS:
  - Alamofire (5.4.4)
  - AlamofireImage (4.2.0):
    - Alamofire (~> 5.4)
  - AlamofireNetworkActivityLogger (3.4.0):
    - Alamofire (~> 5.4.0)
  - BonMot (6.1.2)
  - lottie-ios (3.3.0)
  - Mocker (2.5.5)
  - Realm (10.25.0):
    - Realm/Headers (= 10.25.0)
  - Realm/Headers (10.25.0)
  - RealmSwift (10.25.0):
    - Realm (= 10.25.0)

DEPENDENCIES:
  - Alamofire (~> 5.4)
  - AlamofireImage (~> 4.1)
  - AlamofireNetworkActivityLogger (~> 3.4)
  - BonMot
  - lottie-ios (= 3.3.0)
  - Mocker (~> 2.5.4)
  - Realm (= 10.25.0)
  - RealmSwift (= 10.25.0)

SPEC REPOS:
  trunk:
    - Alamofire
    - AlamofireImage
    - AlamofireNetworkActivityLogger
    - BonMot
    - lottie-ios
    - Mocker
    - Realm
    - RealmSwift

SPEC CHECKSUMS:
  Alamofire: f3b09a368f1582ab751b3fff5460276e0d2cf5c9
  AlamofireImage: 34a2d90b0e5fe6a5605f85ae4b7b01e784c60192
  AlamofireNetworkActivityLogger: 162ab8aee00e6267a4304d7cc134e13ccfe3bcc5
  BonMot: d2920df6476104efc5e379abdb834cbf475c81ab
  lottie-ios: 6ac74dcc09904798f59b18cb3075c089d76be9ae
  Mocker: 8c731a8104962f246cadf2b02556218e9edc1390
  Realm: 22a82aaa0e73f3483e3a6df32549c4c5cd34aa63
  RealmSwift: c2a635212400923edd3f828b8a37d55d3eb31863

PODFILE CHECKSUM: dd7248150be65546cc853b8ead518cee21f3831f

COCOAPODS: 1.12.1
