// !$*UTF8*$!
{
	archiveVersion = 1;
	classes = {
	};
	objectVersion = 55;
	objects = {

/* Begin PBXBuildFile section */
		185DC382966C6B517DB78AF0 /* Pods_Data.framework in Frameworks */ = {isa = PBXBuildFile; fileRef = CD3ADE4DD382C948A6CDB673 /* Pods_Data.framework */; };
		AE53D2992A5762010017C9EE /* NetworkProvider.swift in Sources */ = {isa = PBXBuildFile; fileRef = AE53D2962A5762000017C9EE /* NetworkProvider.swift */; };
		AE53D29B2A5762140017C9EE /* DataRequest_Ext.swift in Sources */ = {isa = PBXBuildFile; fileRef = AE53D29A2A5762140017C9EE /* DataRequest_Ext.swift */; };
		AE53D2B32A576BE80017C9EE /* MoviesDataContextImpl.swift in Sources */ = {isa = PBXBuildFile; fileRef = AE53D2B22A576BE80017C9EE /* MoviesDataContextImpl.swift */; };
		AE677BA42A6270C400A8207F /* PhotosManagerImpl.swift in Sources */ = {isa = PBXBuildFile; fileRef = AE677BA32A6270C400A8207F /* PhotosManagerImpl.swift */; };
		AE7600402A6BDD2D00B84849 /* SeriesDataContextImpl.swift in Sources */ = {isa = PBXBuildFile; fileRef = AE76003F2A6BDD2D00B84849 /* SeriesDataContextImpl.swift */; };
		AE7691C92A67081600BA25D0 /* SpokenLanguageDto.swift in Sources */ = {isa = PBXBuildFile; fileRef = AE7691C52A67081500BA25D0 /* SpokenLanguageDto.swift */; };
		AE7691CA2A67081600BA25D0 /* ProductionCountryDto.swift in Sources */ = {isa = PBXBuildFile; fileRef = AE7691C62A67081500BA25D0 /* ProductionCountryDto.swift */; };
		AE7691CB2A67081600BA25D0 /* GenreDto.swift in Sources */ = {isa = PBXBuildFile; fileRef = AE7691C72A67081500BA25D0 /* GenreDto.swift */; };
		AE7691CC2A67081600BA25D0 /* ProductionCompanyDto.swift in Sources */ = {isa = PBXBuildFile; fileRef = AE7691C82A67081600BA25D0 /* ProductionCompanyDto.swift */; };
		AE7691CF2A67091700BA25D0 /* MovieDetailsDto.swift in Sources */ = {isa = PBXBuildFile; fileRef = AE7691CE2A67091700BA25D0 /* MovieDetailsDto.swift */; };
		AE7691D12A6709D400BA25D0 /* MovieDto.swift in Sources */ = {isa = PBXBuildFile; fileRef = AE7691D02A6709D400BA25D0 /* MovieDto.swift */; };
		AE7691D92A670E6B00BA25D0 /* MoviePagingMapper.swift in Sources */ = {isa = PBXBuildFile; fileRef = AE7691D82A670E6B00BA25D0 /* MoviePagingMapper.swift */; };
		AE7691FE2A671BDC00BA25D0 /* MovieDetailsMapper.swift in Sources */ = {isa = PBXBuildFile; fileRef = AE7691FD2A671BDC00BA25D0 /* MovieDetailsMapper.swift */; };
		AE7692002A67470A00BA25D0 /* MovieCollectionDto.swift in Sources */ = {isa = PBXBuildFile; fileRef = AE7691FF2A67470A00BA25D0 /* MovieCollectionDto.swift */; };
		AE79D4662A6C239900341F45 /* SeriesDto.swift in Sources */ = {isa = PBXBuildFile; fileRef = AE79D4652A6C239900341F45 /* SeriesDto.swift */; };
		AE79D46A2A6C244500341F45 /* SeriesPagingMapper.swift in Sources */ = {isa = PBXBuildFile; fileRef = AE79D4692A6C244500341F45 /* SeriesPagingMapper.swift */; };
		AEA26DA22A55BBA0003E8AA0 /* TMDBPathRouter.swift in Sources */ = {isa = PBXBuildFile; fileRef = AEA26DA12A55BBA0003E8AA0 /* TMDBPathRouter.swift */; };
		AEA26DB22A55BD2D003E8AA0 /* DataBoundry.swift in Sources */ = {isa = PBXBuildFile; fileRef = AEA26DB02A55BD2D003E8AA0 /* DataBoundry.swift */; };
		AEA26DB32A55BD2D003E8AA0 /* DataAppConfig.swift in Sources */ = {isa = PBXBuildFile; fileRef = AEA26DB12A55BD2D003E8AA0 /* DataAppConfig.swift */; };
		AEA26DB52A55BD6B003E8AA0 /* InjectBoundries.swift in Sources */ = {isa = PBXBuildFile; fileRef = AEA26DB42A55BD6B003E8AA0 /* InjectBoundries.swift */; };
		AEA26DB62A55BD99003E8AA0 /* Domain.framework in Frameworks */ = {isa = PBXBuildFile; fileRef = AED7A1F92A515B3600A6C820 /* Domain.framework */; };
		AEA26DCB2A55CB0D003E8AA0 /* RequestHeadersBuilder.swift in Sources */ = {isa = PBXBuildFile; fileRef = AEA26DCA2A55CB0D003E8AA0 /* RequestHeadersBuilder.swift */; };
		AED7A16E2A515A5200A6C820 /* Data.docc in Sources */ = {isa = PBXBuildFile; fileRef = AED7A16D2A515A5200A6C820 /* Data.docc */; };
		AED7A1742A515A5300A6C820 /* Data.framework in Frameworks */ = {isa = PBXBuildFile; fileRef = AED7A1692A515A5200A6C820 /* Data.framework */; };
		AED7A1792A515A5300A6C820 /* DataTests.swift in Sources */ = {isa = PBXBuildFile; fileRef = AED7A1782A515A5300A6C820 /* DataTests.swift */; };
		AED7A17A2A515A5300A6C820 /* Data.h in Headers */ = {isa = PBXBuildFile; fileRef = AED7A16C2A515A5200A6C820 /* Data.h */; settings = {ATTRIBUTES = (Public, ); }; };
/* End PBXBuildFile section */

/* Begin PBXContainerItemProxy section */
		AED7A1752A515A5300A6C820 /* PBXContainerItemProxy */ = {
			isa = PBXContainerItemProxy;
			containerPortal = AED7A1602A515A5200A6C820 /* Project object */;
			proxyType = 1;
			remoteGlobalIDString = AED7A1682A515A5200A6C820;
			remoteInfo = Data;
		};
		AED7A1F82A515B3600A6C820 /* PBXContainerItemProxy */ = {
			isa = PBXContainerItemProxy;
			containerPortal = AED7A1F32A515B3600A6C820 /* Domain.xcodeproj */;
			proxyType = 2;
			remoteGlobalIDString = AED7A1212A51593700A6C820;
			remoteInfo = Domain;
		};
		AED7A1FA2A515B3600A6C820 /* PBXContainerItemProxy */ = {
			isa = PBXContainerItemProxy;
			containerPortal = AED7A1F32A515B3600A6C820 /* Domain.xcodeproj */;
			proxyType = 2;
			remoteGlobalIDString = AED7A12B2A51593700A6C820;
			remoteInfo = DomainTests;
		};
/* End PBXContainerItemProxy section */

/* Begin PBXFileReference section */
		09328B1345F74C135F742184 /* Pods-Data.debug.xcconfig */ = {isa = PBXFileReference; includeInIndex = 1; lastKnownFileType = text.xcconfig; name = "Pods-Data.debug.xcconfig"; path = "Target Support Files/Pods-Data/Pods-Data.debug.xcconfig"; sourceTree = "<group>"; };
		64EA0F3F3FA0716223E1A6BA /* Pods-Data.release.xcconfig */ = {isa = PBXFileReference; includeInIndex = 1; lastKnownFileType = text.xcconfig; name = "Pods-Data.release.xcconfig"; path = "Target Support Files/Pods-Data/Pods-Data.release.xcconfig"; sourceTree = "<group>"; };
		AE53D2962A5762000017C9EE /* NetworkProvider.swift */ = {isa = PBXFileReference; fileEncoding = 4; lastKnownFileType = sourcecode.swift; path = NetworkProvider.swift; sourceTree = "<group>"; };
		AE53D29A2A5762140017C9EE /* DataRequest_Ext.swift */ = {isa = PBXFileReference; fileEncoding = 4; lastKnownFileType = sourcecode.swift; path = DataRequest_Ext.swift; sourceTree = "<group>"; };
		AE53D2B22A576BE80017C9EE /* MoviesDataContextImpl.swift */ = {isa = PBXFileReference; lastKnownFileType = sourcecode.swift; path = MoviesDataContextImpl.swift; sourceTree = "<group>"; };
		AE677BA32A6270C400A8207F /* PhotosManagerImpl.swift */ = {isa = PBXFileReference; fileEncoding = 4; lastKnownFileType = sourcecode.swift; path = PhotosManagerImpl.swift; sourceTree = "<group>"; };
		AE76003F2A6BDD2D00B84849 /* SeriesDataContextImpl.swift */ = {isa = PBXFileReference; lastKnownFileType = sourcecode.swift; path = SeriesDataContextImpl.swift; sourceTree = "<group>"; };
		AE7691C52A67081500BA25D0 /* SpokenLanguageDto.swift */ = {isa = PBXFileReference; fileEncoding = 4; lastKnownFileType = sourcecode.swift; path = SpokenLanguageDto.swift; sourceTree = "<group>"; };
		AE7691C62A67081500BA25D0 /* ProductionCountryDto.swift */ = {isa = PBXFileReference; fileEncoding = 4; lastKnownFileType = sourcecode.swift; path = ProductionCountryDto.swift; sourceTree = "<group>"; };
		AE7691C72A67081500BA25D0 /* GenreDto.swift */ = {isa = PBXFileReference; fileEncoding = 4; lastKnownFileType = sourcecode.swift; path = GenreDto.swift; sourceTree = "<group>"; };
		AE7691C82A67081600BA25D0 /* ProductionCompanyDto.swift */ = {isa = PBXFileReference; fileEncoding = 4; lastKnownFileType = sourcecode.swift; path = ProductionCompanyDto.swift; sourceTree = "<group>"; };
		AE7691CE2A67091700BA25D0 /* MovieDetailsDto.swift */ = {isa = PBXFileReference; fileEncoding = 4; lastKnownFileType = sourcecode.swift; path = MovieDetailsDto.swift; sourceTree = "<group>"; };
		AE7691D02A6709D400BA25D0 /* MovieDto.swift */ = {isa = PBXFileReference; lastKnownFileType = sourcecode.swift; path = MovieDto.swift; sourceTree = "<group>"; };
		AE7691D82A670E6B00BA25D0 /* MoviePagingMapper.swift */ = {isa = PBXFileReference; lastKnownFileType = sourcecode.swift; path = MoviePagingMapper.swift; sourceTree = "<group>"; };
		AE7691FD2A671BDC00BA25D0 /* MovieDetailsMapper.swift */ = {isa = PBXFileReference; lastKnownFileType = sourcecode.swift; path = MovieDetailsMapper.swift; sourceTree = "<group>"; };
		AE7691FF2A67470A00BA25D0 /* MovieCollectionDto.swift */ = {isa = PBXFileReference; lastKnownFileType = sourcecode.swift; path = MovieCollectionDto.swift; sourceTree = "<group>"; };
		AE79D4652A6C239900341F45 /* SeriesDto.swift */ = {isa = PBXFileReference; lastKnownFileType = sourcecode.swift; path = SeriesDto.swift; sourceTree = "<group>"; };
		AE79D4692A6C244500341F45 /* SeriesPagingMapper.swift */ = {isa = PBXFileReference; lastKnownFileType = sourcecode.swift; path = SeriesPagingMapper.swift; sourceTree = "<group>"; };
		AEA26DA12A55BBA0003E8AA0 /* TMDBPathRouter.swift */ = {isa = PBXFileReference; lastKnownFileType = sourcecode.swift; path = TMDBPathRouter.swift; sourceTree = "<group>"; };
		AEA26DB02A55BD2D003E8AA0 /* DataBoundry.swift */ = {isa = PBXFileReference; fileEncoding = 4; lastKnownFileType = sourcecode.swift; path = DataBoundry.swift; sourceTree = "<group>"; };
		AEA26DB12A55BD2D003E8AA0 /* DataAppConfig.swift */ = {isa = PBXFileReference; fileEncoding = 4; lastKnownFileType = sourcecode.swift; path = DataAppConfig.swift; sourceTree = "<group>"; };
		AEA26DB42A55BD6B003E8AA0 /* InjectBoundries.swift */ = {isa = PBXFileReference; fileEncoding = 4; lastKnownFileType = sourcecode.swift; path = InjectBoundries.swift; sourceTree = "<group>"; };
		AEA26DCA2A55CB0D003E8AA0 /* RequestHeadersBuilder.swift */ = {isa = PBXFileReference; fileEncoding = 4; lastKnownFileType = sourcecode.swift; path = RequestHeadersBuilder.swift; sourceTree = "<group>"; };
		AED7A1692A515A5200A6C820 /* Data.framework */ = {isa = PBXFileReference; explicitFileType = wrapper.framework; includeInIndex = 0; path = Data.framework; sourceTree = BUILT_PRODUCTS_DIR; };
		AED7A16C2A515A5200A6C820 /* Data.h */ = {isa = PBXFileReference; lastKnownFileType = sourcecode.c.h; path = Data.h; sourceTree = "<group>"; };
		AED7A16D2A515A5200A6C820 /* Data.docc */ = {isa = PBXFileReference; lastKnownFileType = folder.documentationcatalog; path = Data.docc; sourceTree = "<group>"; };
		AED7A1732A515A5300A6C820 /* DataTests.xctest */ = {isa = PBXFileReference; explicitFileType = wrapper.cfbundle; includeInIndex = 0; path = DataTests.xctest; sourceTree = BUILT_PRODUCTS_DIR; };
		AED7A1782A515A5300A6C820 /* DataTests.swift */ = {isa = PBXFileReference; lastKnownFileType = sourcecode.swift; path = DataTests.swift; sourceTree = "<group>"; };
		AED7A1F32A515B3600A6C820 /* Domain.xcodeproj */ = {isa = PBXFileReference; lastKnownFileType = "wrapper.pb-project"; name = Domain.xcodeproj; path = ../../Domain/Domain.xcodeproj; sourceTree = "<group>"; };
		CD3ADE4DD382C948A6CDB673 /* Pods_Data.framework */ = {isa = PBXFileReference; explicitFileType = wrapper.framework; includeInIndex = 0; path = Pods_Data.framework; sourceTree = BUILT_PRODUCTS_DIR; };
/* End PBXFileReference section */

/* Begin PBXFrameworksBuildPhase section */
		AED7A1662A515A5200A6C820 /* Frameworks */ = {
			isa = PBXFrameworksBuildPhase;
			buildActionMask = 2147483647;
			files = (
				AEA26DB62A55BD99003E8AA0 /* Domain.framework in Frameworks */,
				185DC382966C6B517DB78AF0 /* Pods_Data.framework in Frameworks */,
			);
			runOnlyForDeploymentPostprocessing = 0;
		};
		AED7A1702A515A5300A6C820 /* Frameworks */ = {
			isa = PBXFrameworksBuildPhase;
			buildActionMask = 2147483647;
			files = (
				AED7A1742A515A5300A6C820 /* Data.framework in Frameworks */,
			);
			runOnlyForDeploymentPostprocessing = 0;
		};
/* End PBXFrameworksBuildPhase section */

/* Begin PBXGroup section */
		291486C83DBFFC80B1B80BB6 /* Pods */ = {
			isa = PBXGroup;
			children = (
				09328B1345F74C135F742184 /* Pods-Data.debug.xcconfig */,
				64EA0F3F3FA0716223E1A6BA /* Pods-Data.release.xcconfig */,
			);
			name = Pods;
			path = ../Pods;
			sourceTree = "<group>";
		};
		856BC7603A16244F8E27D25A /* Frameworks */ = {
			isa = PBXGroup;
			children = (
				CD3ADE4DD382C948A6CDB673 /* Pods_Data.framework */,
			);
			name = Frameworks;
			sourceTree = "<group>";
		};
		AE53D2B12A576BAD0017C9EE /* DataContext */ = {
			isa = PBXGroup;
			children = (
				AE53D2B22A576BE80017C9EE /* MoviesDataContextImpl.swift */,
				AE76003F2A6BDD2D00B84849 /* SeriesDataContextImpl.swift */,
			);
			path = DataContext;
			sourceTree = "<group>";
		};
		AE677BA02A62709300A8207F /* Managers */ = {
			isa = PBXGroup;
			children = (
				AE677BA32A6270C400A8207F /* PhotosManagerImpl.swift */,
			);
			path = Managers;
			sourceTree = "<group>";
		};
		AE76918E2A67070300BA25D0 /* Dto */ = {
			isa = PBXGroup;
			children = (
				AE7691C42A67080A00BA25D0 /* Common */,
				AE79D4622A6C238000341F45 /* Series */,
				AE7691CD2A67090C00BA25D0 /* Movies */,
			);
			path = Dto;
			sourceTree = "<group>";
		};
		AE7691912A67070F00BA25D0 /* Mappers */ = {
			isa = PBXGroup;
			children = (
				AE79D4682A6C242B00341F45 /* Series */,
				AE79D4672A6C242100341F45 /* Movies */,
			);
			path = Mappers;
			sourceTree = "<group>";
		};
		AE7691C42A67080A00BA25D0 /* Common */ = {
			isa = PBXGroup;
			children = (
				AE7691C72A67081500BA25D0 /* GenreDto.swift */,
				AE7691C82A67081600BA25D0 /* ProductionCompanyDto.swift */,
				AE7691C62A67081500BA25D0 /* ProductionCountryDto.swift */,
				AE7691C52A67081500BA25D0 /* SpokenLanguageDto.swift */,
			);
			path = Common;
			sourceTree = "<group>";
		};
		AE7691CD2A67090C00BA25D0 /* Movies */ = {
			isa = PBXGroup;
			children = (
				AE7691D02A6709D400BA25D0 /* MovieDto.swift */,
				AE7691CE2A67091700BA25D0 /* MovieDetailsDto.swift */,
				AE7691FF2A67470A00BA25D0 /* MovieCollectionDto.swift */,
			);
			path = Movies;
			sourceTree = "<group>";
		};
		AE79D4622A6C238000341F45 /* Series */ = {
			isa = PBXGroup;
			children = (
				AE79D4652A6C239900341F45 /* SeriesDto.swift */,
			);
			path = Series;
			sourceTree = "<group>";
		};
		AE79D4672A6C242100341F45 /* Movies */ = {
			isa = PBXGroup;
			children = (
				AE7691D82A670E6B00BA25D0 /* MoviePagingMapper.swift */,
				AE7691FD2A671BDC00BA25D0 /* MovieDetailsMapper.swift */,
			);
			path = Movies;
			sourceTree = "<group>";
		};
		AE79D4682A6C242B00341F45 /* Series */ = {
			isa = PBXGroup;
			children = (
				AE79D4692A6C244500341F45 /* SeriesPagingMapper.swift */,
			);
			path = Series;
			sourceTree = "<group>";
		};
		AEA26D9D2A55BB86003E8AA0 /* Network */ = {
			isa = PBXGroup;
			children = (
				AEA26DA32A55BBB1003E8AA0 /* Apj */,
				AE76918E2A67070300BA25D0 /* Dto */,
				AE7691912A67070F00BA25D0 /* Mappers */,
				AEA26DA02A55BB8C003E8AA0 /* Utils */,
			);
			path = Network;
			sourceTree = "<group>";
		};
		AEA26DA02A55BB8C003E8AA0 /* Utils */ = {
			isa = PBXGroup;
			children = (
				AE53D2962A5762000017C9EE /* NetworkProvider.swift */,
				AEA26DCA2A55CB0D003E8AA0 /* RequestHeadersBuilder.swift */,
				AE53D29A2A5762140017C9EE /* DataRequest_Ext.swift */,
			);
			path = Utils;
			sourceTree = "<group>";
		};
		AEA26DA32A55BBB1003E8AA0 /* Apj */ = {
			isa = PBXGroup;
			children = (
				AEA26DA12A55BBA0003E8AA0 /* TMDBPathRouter.swift */,
			);
			path = Apj;
			sourceTree = "<group>";
		};
		AEA26DA42A55BBC5003E8AA0 /* Di */ = {
			isa = PBXGroup;
			children = (
				AEA26DB42A55BD6B003E8AA0 /* InjectBoundries.swift */,
			);
			path = Di;
			sourceTree = "<group>";
		};
		AEA26DAF2A55BD2D003E8AA0 /* Boundaries */ = {
			isa = PBXGroup;
			children = (
				AEA26DB02A55BD2D003E8AA0 /* DataBoundry.swift */,
				AEA26DB12A55BD2D003E8AA0 /* DataAppConfig.swift */,
			);
			path = Boundaries;
			sourceTree = "<group>";
		};
		AED7A15F2A515A5200A6C820 = {
			isa = PBXGroup;
			children = (
				AED7A1F22A515B2E00A6C820 /* Dependencies */,
				AED7A16B2A515A5200A6C820 /* Data */,
				AED7A1772A515A5300A6C820 /* DataTests */,
				AED7A16A2A515A5200A6C820 /* Products */,
				291486C83DBFFC80B1B80BB6 /* Pods */,
				856BC7603A16244F8E27D25A /* Frameworks */,
			);
			sourceTree = "<group>";
		};
		AED7A16A2A515A5200A6C820 /* Products */ = {
			isa = PBXGroup;
			children = (
				AED7A1692A515A5200A6C820 /* Data.framework */,
				AED7A1732A515A5300A6C820 /* DataTests.xctest */,
			);
			name = Products;
			sourceTree = "<group>";
		};
		AED7A16B2A515A5200A6C820 /* Data */ = {
			isa = PBXGroup;
			children = (
				AEA26DA42A55BBC5003E8AA0 /* Di */,
				AEA26DAF2A55BD2D003E8AA0 /* Boundaries */,
				AEA26D9D2A55BB86003E8AA0 /* Network */,
				AE53D2B12A576BAD0017C9EE /* DataContext */,
				AE677BA02A62709300A8207F /* Managers */,
				AED7A16C2A515A5200A6C820 /* Data.h */,
				AED7A16D2A515A5200A6C820 /* Data.docc */,
			);
			path = Data;
			sourceTree = "<group>";
		};
		AED7A1772A515A5300A6C820 /* DataTests */ = {
			isa = PBXGroup;
			children = (
				AED7A1782A515A5300A6C820 /* DataTests.swift */,
			);
			path = DataTests;
			sourceTree = "<group>";
		};
		AED7A1F22A515B2E00A6C820 /* Dependencies */ = {
			isa = PBXGroup;
			children = (
				AED7A1F32A515B3600A6C820 /* Domain.xcodeproj */,
			);
			path = Dependencies;
			sourceTree = "<group>";
		};
		AED7A1F42A515B3600A6C820 /* Products */ = {
			isa = PBXGroup;
			children = (
				AED7A1F92A515B3600A6C820 /* Domain.framework */,
				AED7A1FB2A515B3600A6C820 /* DomainTests.xctest */,
			);
			name = Products;
			sourceTree = "<group>";
		};
/* End PBXGroup section */

/* Begin PBXHeadersBuildPhase section */
		AED7A1642A515A5200A6C820 /* Headers */ = {
			isa = PBXHeadersBuildPhase;
			buildActionMask = 2147483647;
			files = (
				AED7A17A2A515A5300A6C820 /* Data.h in Headers */,
			);
			runOnlyForDeploymentPostprocessing = 0;
		};
/* End PBXHeadersBuildPhase section */

/* Begin PBXNativeTarget section */
		AED7A1682A515A5200A6C820 /* Data */ = {
			isa = PBXNativeTarget;
			buildConfigurationList = AED7A17D2A515A5300A6C820 /* Build configuration list for PBXNativeTarget "Data" */;
			buildPhases = (
				E58AEDC719C2B4C34927976D /* [CP] Check Pods Manifest.lock */,
				AED7A1642A515A5200A6C820 /* Headers */,
				AED7A1652A515A5200A6C820 /* Sources */,
				AED7A1662A515A5200A6C820 /* Frameworks */,
				AED7A1672A515A5200A6C820 /* Resources */,
			);
			buildRules = (
			);
			dependencies = (
			);
			name = Data;
			productName = Data;
			productReference = AED7A1692A515A5200A6C820 /* Data.framework */;
			productType = "com.apple.product-type.framework";
		};
		AED7A1722A515A5300A6C820 /* DataTests */ = {
			isa = PBXNativeTarget;
			buildConfigurationList = AED7A1802A515A5300A6C820 /* Build configuration list for PBXNativeTarget "DataTests" */;
			buildPhases = (
				AED7A16F2A515A5300A6C820 /* Sources */,
				AED7A1702A515A5300A6C820 /* Frameworks */,
				AED7A1712A515A5300A6C820 /* Resources */,
			);
			buildRules = (
			);
			dependencies = (
				AED7A1762A515A5300A6C820 /* PBXTargetDependency */,
			);
			name = DataTests;
			productName = DataTests;
			productReference = AED7A1732A515A5300A6C820 /* DataTests.xctest */;
			productType = "com.apple.product-type.bundle.unit-test";
		};
/* End PBXNativeTarget section */

/* Begin PBXProject section */
		AED7A1602A515A5200A6C820 /* Project object */ = {
			isa = PBXProject;
			attributes = {
				BuildIndependentTargetsInParallel = 1;
				LastSwiftUpdateCheck = 1420;
				LastUpgradeCheck = 1420;
				TargetAttributes = {
					AED7A1682A515A5200A6C820 = {
						CreatedOnToolsVersion = 14.2;
					};
					AED7A1722A515A5300A6C820 = {
						CreatedOnToolsVersion = 14.2;
					};
				};
			};
			buildConfigurationList = AED7A1632A515A5200A6C820 /* Build configuration list for PBXProject "Data" */;
			compatibilityVersion = "Xcode 13.0";
			developmentRegion = en;
			hasScannedForEncodings = 0;
			knownRegions = (
				en,
				Base,
			);
			mainGroup = AED7A15F2A515A5200A6C820;
			productRefGroup = AED7A16A2A515A5200A6C820 /* Products */;
			projectDirPath = "";
			projectReferences = (
				{
					ProductGroup = AED7A1F42A515B3600A6C820 /* Products */;
					ProjectRef = AED7A1F32A515B3600A6C820 /* Domain.xcodeproj */;
				},
			);
			projectRoot = "";
			targets = (
				AED7A1682A515A5200A6C820 /* Data */,
				AED7A1722A515A5300A6C820 /* DataTests */,
			);
		};
/* End PBXProject section */

/* Begin PBXReferenceProxy section */
		AED7A1F92A515B3600A6C820 /* Domain.framework */ = {
			isa = PBXReferenceProxy;
			fileType = wrapper.framework;
			path = Domain.framework;
			remoteRef = AED7A1F82A515B3600A6C820 /* PBXContainerItemProxy */;
			sourceTree = BUILT_PRODUCTS_DIR;
		};
		AED7A1FB2A515B3600A6C820 /* DomainTests.xctest */ = {
			isa = PBXReferenceProxy;
			fileType = wrapper.cfbundle;
			path = DomainTests.xctest;
			remoteRef = AED7A1FA2A515B3600A6C820 /* PBXContainerItemProxy */;
			sourceTree = BUILT_PRODUCTS_DIR;
		};
/* End PBXReferenceProxy section */

/* Begin PBXResourcesBuildPhase section */
		AED7A1672A515A5200A6C820 /* Resources */ = {
			isa = PBXResourcesBuildPhase;
			buildActionMask = 2147483647;
			files = (
			);
			runOnlyForDeploymentPostprocessing = 0;
		};
		AED7A1712A515A5300A6C820 /* Resources */ = {
			isa = PBXResourcesBuildPhase;
			buildActionMask = 2147483647;
			files = (
			);
			runOnlyForDeploymentPostprocessing = 0;
		};
/* End PBXResourcesBuildPhase section */

/* Begin PBXShellScriptBuildPhase section */
		E58AEDC719C2B4C34927976D /* [CP] Check Pods Manifest.lock */ = {
			isa = PBXShellScriptBuildPhase;
			buildActionMask = 2147483647;
			files = (
			);
			inputFileListPaths = (
			);
			inputPaths = (
				"${PODS_PODFILE_DIR_PATH}/Podfile.lock",
				"${PODS_ROOT}/Manifest.lock",
			);
			name = "[CP] Check Pods Manifest.lock";
			outputFileListPaths = (
			);
			outputPaths = (
				"$(DERIVED_FILE_DIR)/Pods-Data-checkManifestLockResult.txt",
			);
			runOnlyForDeploymentPostprocessing = 0;
			shellPath = /bin/sh;
			shellScript = "diff \"${PODS_PODFILE_DIR_PATH}/Podfile.lock\" \"${PODS_ROOT}/Manifest.lock\" > /dev/null\nif [ $? != 0 ] ; then\n    # print error to STDERR\n    echo \"error: The sandbox is not in sync with the Podfile.lock. Run 'pod install' or update your CocoaPods installation.\" >&2\n    exit 1\nfi\n# This output is used by Xcode 'outputs' to avoid re-running this script phase.\necho \"SUCCESS\" > \"${SCRIPT_OUTPUT_FILE_0}\"\n";
			showEnvVarsInLog = 0;
		};
/* End PBXShellScriptBuildPhase section */

/* Begin PBXSourcesBuildPhase section */
		AED7A1652A515A5200A6C820 /* Sources */ = {
			isa = PBXSourcesBuildPhase;
			buildActionMask = 2147483647;
			files = (
				AE79D4662A6C239900341F45 /* SeriesDto.swift in Sources */,
				AE7691C92A67081600BA25D0 /* SpokenLanguageDto.swift in Sources */,
				AE53D2992A5762010017C9EE /* NetworkProvider.swift in Sources */,
				AE7600402A6BDD2D00B84849 /* SeriesDataContextImpl.swift in Sources */,
				AE7691FE2A671BDC00BA25D0 /* MovieDetailsMapper.swift in Sources */,
				AEA26DCB2A55CB0D003E8AA0 /* RequestHeadersBuilder.swift in Sources */,
				AE677BA42A6270C400A8207F /* PhotosManagerImpl.swift in Sources */,
				AEA26DA22A55BBA0003E8AA0 /* TMDBPathRouter.swift in Sources */,
				AE53D2B32A576BE80017C9EE /* MoviesDataContextImpl.swift in Sources */,
				AE7691D12A6709D400BA25D0 /* MovieDto.swift in Sources */,
				AE53D29B2A5762140017C9EE /* DataRequest_Ext.swift in Sources */,
				AED7A16E2A515A5200A6C820 /* Data.docc in Sources */,
				AE7691CF2A67091700BA25D0 /* MovieDetailsDto.swift in Sources */,
				AE7691D92A670E6B00BA25D0 /* MoviePagingMapper.swift in Sources */,
				AE7691CA2A67081600BA25D0 /* ProductionCountryDto.swift in Sources */,
				AE79D46A2A6C244500341F45 /* SeriesPagingMapper.swift in Sources */,
				AE7691CB2A67081600BA25D0 /* GenreDto.swift in Sources */,
				AEA26DB22A55BD2D003E8AA0 /* DataBoundry.swift in Sources */,
				AE7691CC2A67081600BA25D0 /* ProductionCompanyDto.swift in Sources */,
				AE7692002A67470A00BA25D0 /* MovieCollectionDto.swift in Sources */,
				AEA26DB32A55BD2D003E8AA0 /* DataAppConfig.swift in Sources */,
				AEA26DB52A55BD6B003E8AA0 /* InjectBoundries.swift in Sources */,
			);
			runOnlyForDeploymentPostprocessing = 0;
		};
		AED7A16F2A515A5300A6C820 /* Sources */ = {
			isa = PBXSourcesBuildPhase;
			buildActionMask = 2147483647;
			files = (
				AED7A1792A515A5300A6C820 /* DataTests.swift in Sources */,
			);
			runOnlyForDeploymentPostprocessing = 0;
		};
/* End PBXSourcesBuildPhase section */

/* Begin PBXTargetDependency section */
		AED7A1762A515A5300A6C820 /* PBXTargetDependency */ = {
			isa = PBXTargetDependency;
			target = AED7A1682A515A5200A6C820 /* Data */;
			targetProxy = AED7A1752A515A5300A6C820 /* PBXContainerItemProxy */;
		};
/* End PBXTargetDependency section */

/* Begin XCBuildConfiguration section */
		AED7A17B2A515A5300A6C820 /* Debug */ = {
			isa = XCBuildConfiguration;
			buildSettings = {
				ALWAYS_SEARCH_USER_PATHS = NO;
				CLANG_ANALYZER_NONNULL = YES;
				CLANG_ANALYZER_NUMBER_OBJECT_CONVERSION = YES_AGGRESSIVE;
				CLANG_CXX_LANGUAGE_STANDARD = "gnu++20";
				CLANG_ENABLE_MODULES = YES;
				CLANG_ENABLE_OBJC_ARC = YES;
				CLANG_ENABLE_OBJC_WEAK = YES;
				CLANG_WARN_BLOCK_CAPTURE_AUTORELEASING = YES;
				CLANG_WARN_BOOL_CONVERSION = YES;
				CLANG_WARN_COMMA = YES;
				CLANG_WARN_CONSTANT_CONVERSION = YES;
				CLANG_WARN_DEPRECATED_OBJC_IMPLEMENTATIONS = YES;
				CLANG_WARN_DIRECT_OBJC_ISA_USAGE = YES_ERROR;
				CLANG_WARN_DOCUMENTATION_COMMENTS = YES;
				CLANG_WARN_EMPTY_BODY = YES;
				CLANG_WARN_ENUM_CONVERSION = YES;
				CLANG_WARN_INFINITE_RECURSION = YES;
				CLANG_WARN_INT_CONVERSION = YES;
				CLANG_WARN_NON_LITERAL_NULL_CONVERSION = YES;
				CLANG_WARN_OBJC_IMPLICIT_RETAIN_SELF = YES;
				CLANG_WARN_OBJC_LITERAL_CONVERSION = YES;
				CLANG_WARN_OBJC_ROOT_CLASS = YES_ERROR;
				CLANG_WARN_QUOTED_INCLUDE_IN_FRAMEWORK_HEADER = YES;
				CLANG_WARN_RANGE_LOOP_ANALYSIS = YES;
				CLANG_WARN_STRICT_PROTOTYPES = YES;
				CLANG_WARN_SUSPICIOUS_MOVE = YES;
				CLANG_WARN_UNGUARDED_AVAILABILITY = YES_AGGRESSIVE;
				CLANG_WARN_UNREACHABLE_CODE = YES;
				CLANG_WARN__DUPLICATE_METHOD_MATCH = YES;
				COPY_PHASE_STRIP = NO;
				CURRENT_PROJECT_VERSION = 1;
				DEBUG_INFORMATION_FORMAT = dwarf;
				ENABLE_STRICT_OBJC_MSGSEND = YES;
				ENABLE_TESTABILITY = YES;
				GCC_C_LANGUAGE_STANDARD = gnu11;
				GCC_DYNAMIC_NO_PIC = NO;
				GCC_NO_COMMON_BLOCKS = YES;
				GCC_OPTIMIZATION_LEVEL = 0;
				GCC_PREPROCESSOR_DEFINITIONS = (
					"DEBUG=1",
					"$(inherited)",
				);
				GCC_WARN_64_TO_32_BIT_CONVERSION = YES;
				GCC_WARN_ABOUT_RETURN_TYPE = YES_ERROR;
				GCC_WARN_UNDECLARED_SELECTOR = YES;
				GCC_WARN_UNINITIALIZED_AUTOS = YES_AGGRESSIVE;
				GCC_WARN_UNUSED_FUNCTION = YES;
				GCC_WARN_UNUSED_VARIABLE = YES;
				IPHONEOS_DEPLOYMENT_TARGET = 15.0;
				MTL_ENABLE_DEBUG_INFO = INCLUDE_SOURCE;
				MTL_FAST_MATH = YES;
				ONLY_ACTIVE_ARCH = YES;
				SDKROOT = iphoneos;
				SWIFT_ACTIVE_COMPILATION_CONDITIONS = DEBUG;
				SWIFT_OPTIMIZATION_LEVEL = "-Onone";
				VERSIONING_SYSTEM = "apple-generic";
				VERSION_INFO_PREFIX = "";
			};
			name = Debug;
		};
		AED7A17C2A515A5300A6C820 /* Release */ = {
			isa = XCBuildConfiguration;
			buildSettings = {
				ALWAYS_SEARCH_USER_PATHS = NO;
				CLANG_ANALYZER_NONNULL = YES;
				CLANG_ANALYZER_NUMBER_OBJECT_CONVERSION = YES_AGGRESSIVE;
				CLANG_CXX_LANGUAGE_STANDARD = "gnu++20";
				CLANG_ENABLE_MODULES = YES;
				CLANG_ENABLE_OBJC_ARC = YES;
				CLANG_ENABLE_OBJC_WEAK = YES;
				CLANG_WARN_BLOCK_CAPTURE_AUTORELEASING = YES;
				CLANG_WARN_BOOL_CONVERSION = YES;
				CLANG_WARN_COMMA = YES;
				CLANG_WARN_CONSTANT_CONVERSION = YES;
				CLANG_WARN_DEPRECATED_OBJC_IMPLEMENTATIONS = YES;
				CLANG_WARN_DIRECT_OBJC_ISA_USAGE = YES_ERROR;
				CLANG_WARN_DOCUMENTATION_COMMENTS = YES;
				CLANG_WARN_EMPTY_BODY = YES;
				CLANG_WARN_ENUM_CONVERSION = YES;
				CLANG_WARN_INFINITE_RECURSION = YES;
				CLANG_WARN_INT_CONVERSION = YES;
				CLANG_WARN_NON_LITERAL_NULL_CONVERSION = YES;
				CLANG_WARN_OBJC_IMPLICIT_RETAIN_SELF = YES;
				CLANG_WARN_OBJC_LITERAL_CONVERSION = YES;
				CLANG_WARN_OBJC_ROOT_CLASS = YES_ERROR;
				CLANG_WARN_QUOTED_INCLUDE_IN_FRAMEWORK_HEADER = YES;
				CLANG_WARN_RANGE_LOOP_ANALYSIS = YES;
				CLANG_WARN_STRICT_PROTOTYPES = YES;
				CLANG_WARN_SUSPICIOUS_MOVE = YES;
				CLANG_WARN_UNGUARDED_AVAILABILITY = YES_AGGRESSIVE;
				CLANG_WARN_UNREACHABLE_CODE = YES;
				CLANG_WARN__DUPLICATE_METHOD_MATCH = YES;
				COPY_PHASE_STRIP = NO;
				CURRENT_PROJECT_VERSION = 1;
				DEBUG_INFORMATION_FORMAT = "dwarf-with-dsym";
				ENABLE_NS_ASSERTIONS = NO;
				ENABLE_STRICT_OBJC_MSGSEND = YES;
				GCC_C_LANGUAGE_STANDARD = gnu11;
				GCC_NO_COMMON_BLOCKS = YES;
				GCC_WARN_64_TO_32_BIT_CONVERSION = YES;
				GCC_WARN_ABOUT_RETURN_TYPE = YES_ERROR;
				GCC_WARN_UNDECLARED_SELECTOR = YES;
				GCC_WARN_UNINITIALIZED_AUTOS = YES_AGGRESSIVE;
				GCC_WARN_UNUSED_FUNCTION = YES;
				GCC_WARN_UNUSED_VARIABLE = YES;
				IPHONEOS_DEPLOYMENT_TARGET = 15.0;
				MTL_ENABLE_DEBUG_INFO = NO;
				MTL_FAST_MATH = YES;
				SDKROOT = iphoneos;
				SWIFT_COMPILATION_MODE = wholemodule;
				SWIFT_OPTIMIZATION_LEVEL = "-O";
				VALIDATE_PRODUCT = YES;
				VERSIONING_SYSTEM = "apple-generic";
				VERSION_INFO_PREFIX = "";
			};
			name = Release;
		};
		AED7A17E2A515A5300A6C820 /* Debug */ = {
			isa = XCBuildConfiguration;
			baseConfigurationReference = 09328B1345F74C135F742184 /* Pods-Data.debug.xcconfig */;
			buildSettings = {
				CODE_SIGN_STYLE = Automatic;
				CURRENT_PROJECT_VERSION = 1;
				DEFINES_MODULE = YES;
				DEVELOPMENT_TEAM = PQV5BN264J;
				DYLIB_COMPATIBILITY_VERSION = 1;
				DYLIB_CURRENT_VERSION = 1;
				DYLIB_INSTALL_NAME_BASE = "@rpath";
				GENERATE_INFOPLIST_FILE = YES;
				INFOPLIST_KEY_NSHumanReadableCopyright = "";
				INSTALL_PATH = "$(LOCAL_LIBRARY_DIR)/Frameworks";
				IPHONEOS_DEPLOYMENT_TARGET = 15.0;
				LD_RUNPATH_SEARCH_PATHS = (
					"$(inherited)",
					"@executable_path/Frameworks",
					"@loader_path/Frameworks",
				);
				MARKETING_VERSION = 1.0;
				PRODUCT_BUNDLE_IDENTIFIER = gr.thanflix.Data;
				PRODUCT_NAME = "$(TARGET_NAME:c99extidentifier)";
				SKIP_INSTALL = YES;
				SUPPORTED_PLATFORMS = "iphoneos iphonesimulator";
				SUPPORTS_MACCATALYST = NO;
				SUPPORTS_MAC_DESIGNED_FOR_IPHONE_IPAD = NO;
				SWIFT_EMIT_LOC_STRINGS = YES;
				SWIFT_VERSION = 5.0;
				TARGETED_DEVICE_FAMILY = 1;
			};
			name = Debug;
		};
		AED7A17F2A515A5300A6C820 /* Release */ = {
			isa = XCBuildConfiguration;
			baseConfigurationReference = 64EA0F3F3FA0716223E1A6BA /* Pods-Data.release.xcconfig */;
			buildSettings = {
				CODE_SIGN_STYLE = Automatic;
				CURRENT_PROJECT_VERSION = 1;
				DEFINES_MODULE = YES;
				DEVELOPMENT_TEAM = PQV5BN264J;
				DYLIB_COMPATIBILITY_VERSION = 1;
				DYLIB_CURRENT_VERSION = 1;
				DYLIB_INSTALL_NAME_BASE = "@rpath";
				GENERATE_INFOPLIST_FILE = YES;
				INFOPLIST_KEY_NSHumanReadableCopyright = "";
				INSTALL_PATH = "$(LOCAL_LIBRARY_DIR)/Frameworks";
				IPHONEOS_DEPLOYMENT_TARGET = 15.0;
				LD_RUNPATH_SEARCH_PATHS = (
					"$(inherited)",
					"@executable_path/Frameworks",
					"@loader_path/Frameworks",
				);
				MARKETING_VERSION = 1.0;
				PRODUCT_BUNDLE_IDENTIFIER = gr.thanflix.Data;
				PRODUCT_NAME = "$(TARGET_NAME:c99extidentifier)";
				SKIP_INSTALL = YES;
				SUPPORTED_PLATFORMS = "iphoneos iphonesimulator";
				SUPPORTS_MACCATALYST = NO;
				SUPPORTS_MAC_DESIGNED_FOR_IPHONE_IPAD = NO;
				SWIFT_EMIT_LOC_STRINGS = YES;
				SWIFT_VERSION = 5.0;
				TARGETED_DEVICE_FAMILY = 1;
			};
			name = Release;
		};
		AED7A1812A515A5300A6C820 /* Debug */ = {
			isa = XCBuildConfiguration;
			buildSettings = {
				ALWAYS_EMBED_SWIFT_STANDARD_LIBRARIES = YES;
				CODE_SIGN_STYLE = Automatic;
				CURRENT_PROJECT_VERSION = 1;
				DEVELOPMENT_TEAM = PQV5BN264J;
				GENERATE_INFOPLIST_FILE = YES;
				MARKETING_VERSION = 1.0;
				PRODUCT_BUNDLE_IDENTIFIER = gr.thanflix.DataTests;
				PRODUCT_NAME = "$(TARGET_NAME)";
				SWIFT_EMIT_LOC_STRINGS = NO;
				SWIFT_VERSION = 5.0;
				TARGETED_DEVICE_FAMILY = "1,2";
			};
			name = Debug;
		};
		AED7A1822A515A5300A6C820 /* Release */ = {
			isa = XCBuildConfiguration;
			buildSettings = {
				ALWAYS_EMBED_SWIFT_STANDARD_LIBRARIES = YES;
				CODE_SIGN_STYLE = Automatic;
				CURRENT_PROJECT_VERSION = 1;
				DEVELOPMENT_TEAM = PQV5BN264J;
				GENERATE_INFOPLIST_FILE = YES;
				MARKETING_VERSION = 1.0;
				PRODUCT_BUNDLE_IDENTIFIER = gr.thanflix.DataTests;
				PRODUCT_NAME = "$(TARGET_NAME)";
				SWIFT_EMIT_LOC_STRINGS = NO;
				SWIFT_VERSION = 5.0;
				TARGETED_DEVICE_FAMILY = "1,2";
			};
			name = Release;
		};
/* End XCBuildConfiguration section */

/* Begin XCConfigurationList section */
		AED7A1632A515A5200A6C820 /* Build configuration list for PBXProject "Data" */ = {
			isa = XCConfigurationList;
			buildConfigurations = (
				AED7A17B2A515A5300A6C820 /* Debug */,
				AED7A17C2A515A5300A6C820 /* Release */,
			);
			defaultConfigurationIsVisible = 0;
			defaultConfigurationName = Release;
		};
		AED7A17D2A515A5300A6C820 /* Build configuration list for PBXNativeTarget "Data" */ = {
			isa = XCConfigurationList;
			buildConfigurations = (
				AED7A17E2A515A5300A6C820 /* Debug */,
				AED7A17F2A515A5300A6C820 /* Release */,
			);
			defaultConfigurationIsVisible = 0;
			defaultConfigurationName = Release;
		};
		AED7A1802A515A5300A6C820 /* Build configuration list for PBXNativeTarget "DataTests" */ = {
			isa = XCConfigurationList;
			buildConfigurations = (
				AED7A1812A515A5300A6C820 /* Debug */,
				AED7A1822A515A5300A6C820 /* Release */,
			);
			defaultConfigurationIsVisible = 0;
			defaultConfigurationName = Release;
		};
/* End XCConfigurationList section */
	};
	rootObject = AED7A1602A515A5200A6C820 /* Project object */;
}
