// !$*UTF8*$!
{
	archiveVersion = 1;
	classes = {
	};
	objectVersion = 55;
	objects = {

/* Begin PBXBuildFile section */
		17011EA5A5217CFB4088FBF6 /* Pods_Domain.framework in Frameworks */ = {isa = PBXBuildFile; fileRef = 1FB5B29DC58A46411C3461AE /* Pods_Domain.framework */; };
		AE2E8D9A2A5E7FAB004FC80C /* SectionModel.swift in Sources */ = {isa = PBXBuildFile; fileRef = AE2E8D992A5E7FAB004FC80C /* SectionModel.swift */; };
		AE53D29F2A5762A70017C9EE /* PagedGenericResponse.swift in Sources */ = {isa = PBXBuildFile; fileRef = AE53D29E2A5762A70017C9EE /* PagedGenericResponse.swift */; };
		AE53D2A12A5766680017C9EE /* PagedListResult.swift in Sources */ = {isa = PBXBuildFile; fileRef = AE53D2A02A5766680017C9EE /* PagedListResult.swift */; };
		AE53D2A82A5766A00017C9EE /* BaseException.swift in Sources */ = {isa = PBXBuildFile; fileRef = AE53D2A72A5766A00017C9EE /* BaseException.swift */; };
		AE53D2AA2A5766A80017C9EE /* Result.swift in Sources */ = {isa = PBXBuildFile; fileRef = AE53D2A92A5766A70017C9EE /* Result.swift */; };
		AE53D2AD2A5769200017C9EE /* MoviesDataContext.swift in Sources */ = {isa = PBXBuildFile; fileRef = AE53D2AC2A5769200017C9EE /* MoviesDataContext.swift */; };
		AE53D2B72A5773E20017C9EE /* DomainMapper.swift in Sources */ = {isa = PBXBuildFile; fileRef = AE53D2B62A5773E20017C9EE /* DomainMapper.swift */; };
		AE53D3732A58BA980017C9EE /* FeedbackMessage.swift in Sources */ = {isa = PBXBuildFile; fileRef = AE53D3722A58BA970017C9EE /* FeedbackMessage.swift */; };
		AE53D38A2A58BC3D0017C9EE /* LanguagesManager.swift in Sources */ = {isa = PBXBuildFile; fileRef = AE53D3882A58BC3D0017C9EE /* LanguagesManager.swift */; };
		AE53D38B2A58BC3D0017C9EE /* Languages.swift in Sources */ = {isa = PBXBuildFile; fileRef = AE53D3892A58BC3D0017C9EE /* Languages.swift */; };
		AE53D38E2A58BC7C0017C9EE /* Ext_NotificationName.swift in Sources */ = {isa = PBXBuildFile; fileRef = AE53D38D2A58BC7C0017C9EE /* Ext_NotificationName.swift */; };
		AE677BA82A6270D500A8207F /* PhotosManager.swift in Sources */ = {isa = PBXBuildFile; fileRef = AE677BA72A6270D500A8207F /* PhotosManager.swift */; };
		AE677BBE2A6275D200A8207F /* ImageSizes.swift in Sources */ = {isa = PBXBuildFile; fileRef = AE677BBD2A6275D200A8207F /* ImageSizes.swift */; };
		AE677BD42A6277D600A8207F /* SafeEnumType.swift in Sources */ = {isa = PBXBuildFile; fileRef = AE677BD32A6277D600A8207F /* SafeEnumType.swift */; };
		AE7691D52A670A0200BA25D0 /* Show.swift in Sources */ = {isa = PBXBuildFile; fileRef = AE7691D42A670A0200BA25D0 /* Show.swift */; };
		AE7691D72A670B4D00BA25D0 /* ShowDetails.swift in Sources */ = {isa = PBXBuildFile; fileRef = AE7691D62A670B4D00BA25D0 /* ShowDetails.swift */; };
		AEA26DA72A55BC05003E8AA0 /* CustomInject.swift in Sources */ = {isa = PBXBuildFile; fileRef = AEA26DA62A55BC05003E8AA0 /* CustomInject.swift */; };
		AED7A1262A51593700A6C820 /* Domain.docc in Sources */ = {isa = PBXBuildFile; fileRef = AED7A1252A51593700A6C820 /* Domain.docc */; };
		AED7A12C2A51593700A6C820 /* Domain.framework in Frameworks */ = {isa = PBXBuildFile; fileRef = AED7A1212A51593700A6C820 /* Domain.framework */; };
		AED7A1312A51593700A6C820 /* DomainTests.swift in Sources */ = {isa = PBXBuildFile; fileRef = AED7A1302A51593700A6C820 /* DomainTests.swift */; };
		AED7A1322A51593700A6C820 /* Domain.h in Headers */ = {isa = PBXBuildFile; fileRef = AED7A1242A51593700A6C820 /* Domain.h */; settings = {ATTRIBUTES = (Public, ); }; };
/* End PBXBuildFile section */

/* Begin PBXContainerItemProxy section */
		AED7A12D2A51593700A6C820 /* PBXContainerItemProxy */ = {
			isa = PBXContainerItemProxy;
			containerPortal = AED7A1182A51593700A6C820 /* Project object */;
			proxyType = 1;
			remoteGlobalIDString = AED7A1202A51593700A6C820;
			remoteInfo = Domain;
		};
/* End PBXContainerItemProxy section */

/* Begin PBXFileReference section */
		1FB5B29DC58A46411C3461AE /* Pods_Domain.framework */ = {isa = PBXFileReference; explicitFileType = wrapper.framework; includeInIndex = 0; path = Pods_Domain.framework; sourceTree = BUILT_PRODUCTS_DIR; };
		AE2E8D992A5E7FAB004FC80C /* SectionModel.swift */ = {isa = PBXFileReference; lastKnownFileType = sourcecode.swift; path = SectionModel.swift; sourceTree = "<group>"; };
		AE53D29E2A5762A70017C9EE /* PagedGenericResponse.swift */ = {isa = PBXFileReference; fileEncoding = 4; lastKnownFileType = sourcecode.swift; path = PagedGenericResponse.swift; sourceTree = "<group>"; };
		AE53D2A02A5766680017C9EE /* PagedListResult.swift */ = {isa = PBXFileReference; fileEncoding = 4; lastKnownFileType = sourcecode.swift; path = PagedListResult.swift; sourceTree = "<group>"; };
		AE53D2A72A5766A00017C9EE /* BaseException.swift */ = {isa = PBXFileReference; fileEncoding = 4; lastKnownFileType = sourcecode.swift; path = BaseException.swift; sourceTree = "<group>"; };
		AE53D2A92A5766A70017C9EE /* Result.swift */ = {isa = PBXFileReference; fileEncoding = 4; lastKnownFileType = sourcecode.swift; path = Result.swift; sourceTree = "<group>"; };
		AE53D2AC2A5769200017C9EE /* MoviesDataContext.swift */ = {isa = PBXFileReference; lastKnownFileType = sourcecode.swift; path = MoviesDataContext.swift; sourceTree = "<group>"; };
		AE53D2B62A5773E20017C9EE /* DomainMapper.swift */ = {isa = PBXFileReference; fileEncoding = 4; lastKnownFileType = sourcecode.swift; path = DomainMapper.swift; sourceTree = "<group>"; };
		AE53D3722A58BA970017C9EE /* FeedbackMessage.swift */ = {isa = PBXFileReference; fileEncoding = 4; lastKnownFileType = sourcecode.swift; path = FeedbackMessage.swift; sourceTree = "<group>"; };
		AE53D3882A58BC3D0017C9EE /* LanguagesManager.swift */ = {isa = PBXFileReference; fileEncoding = 4; lastKnownFileType = sourcecode.swift; path = LanguagesManager.swift; sourceTree = "<group>"; };
		AE53D3892A58BC3D0017C9EE /* Languages.swift */ = {isa = PBXFileReference; fileEncoding = 4; lastKnownFileType = sourcecode.swift; path = Languages.swift; sourceTree = "<group>"; };
		AE53D38D2A58BC7C0017C9EE /* Ext_NotificationName.swift */ = {isa = PBXFileReference; fileEncoding = 4; lastKnownFileType = sourcecode.swift; path = Ext_NotificationName.swift; sourceTree = "<group>"; };
		AE677BA72A6270D500A8207F /* PhotosManager.swift */ = {isa = PBXFileReference; fileEncoding = 4; lastKnownFileType = sourcecode.swift; path = PhotosManager.swift; sourceTree = "<group>"; };
		AE677BBD2A6275D200A8207F /* ImageSizes.swift */ = {isa = PBXFileReference; lastKnownFileType = sourcecode.swift; path = ImageSizes.swift; sourceTree = "<group>"; };
		AE677BD32A6277D600A8207F /* SafeEnumType.swift */ = {isa = PBXFileReference; lastKnownFileType = sourcecode.swift; path = SafeEnumType.swift; sourceTree = "<group>"; };
		AE7691D42A670A0200BA25D0 /* Show.swift */ = {isa = PBXFileReference; lastKnownFileType = sourcecode.swift; path = Show.swift; sourceTree = "<group>"; };
		AE7691D62A670B4D00BA25D0 /* ShowDetails.swift */ = {isa = PBXFileReference; lastKnownFileType = sourcecode.swift; path = ShowDetails.swift; sourceTree = "<group>"; };
		AEA26DA62A55BC05003E8AA0 /* CustomInject.swift */ = {isa = PBXFileReference; fileEncoding = 4; lastKnownFileType = sourcecode.swift; path = CustomInject.swift; sourceTree = "<group>"; };
		AED7A1212A51593700A6C820 /* Domain.framework */ = {isa = PBXFileReference; explicitFileType = wrapper.framework; includeInIndex = 0; path = Domain.framework; sourceTree = BUILT_PRODUCTS_DIR; };
		AED7A1242A51593700A6C820 /* Domain.h */ = {isa = PBXFileReference; lastKnownFileType = sourcecode.c.h; path = Domain.h; sourceTree = "<group>"; };
		AED7A1252A51593700A6C820 /* Domain.docc */ = {isa = PBXFileReference; lastKnownFileType = folder.documentationcatalog; path = Domain.docc; sourceTree = "<group>"; };
		AED7A12B2A51593700A6C820 /* DomainTests.xctest */ = {isa = PBXFileReference; explicitFileType = wrapper.cfbundle; includeInIndex = 0; path = DomainTests.xctest; sourceTree = BUILT_PRODUCTS_DIR; };
		AED7A1302A51593700A6C820 /* DomainTests.swift */ = {isa = PBXFileReference; lastKnownFileType = sourcecode.swift; path = DomainTests.swift; sourceTree = "<group>"; };
		CB456A8D06DA10EE459D72B4 /* Pods-Domain.release.xcconfig */ = {isa = PBXFileReference; includeInIndex = 1; lastKnownFileType = text.xcconfig; name = "Pods-Domain.release.xcconfig"; path = "Target Support Files/Pods-Domain/Pods-Domain.release.xcconfig"; sourceTree = "<group>"; };
		FC078281E4F5A683555F8190 /* Pods-Domain.debug.xcconfig */ = {isa = PBXFileReference; includeInIndex = 1; lastKnownFileType = text.xcconfig; name = "Pods-Domain.debug.xcconfig"; path = "Target Support Files/Pods-Domain/Pods-Domain.debug.xcconfig"; sourceTree = "<group>"; };
/* End PBXFileReference section */

/* Begin PBXFrameworksBuildPhase section */
		AED7A11E2A51593700A6C820 /* Frameworks */ = {
			isa = PBXFrameworksBuildPhase;
			buildActionMask = 2147483647;
			files = (
				17011EA5A5217CFB4088FBF6 /* Pods_Domain.framework in Frameworks */,
			);
			runOnlyForDeploymentPostprocessing = 0;
		};
		AED7A1282A51593700A6C820 /* Frameworks */ = {
			isa = PBXFrameworksBuildPhase;
			buildActionMask = 2147483647;
			files = (
				AED7A12C2A51593700A6C820 /* Domain.framework in Frameworks */,
			);
			runOnlyForDeploymentPostprocessing = 0;
		};
/* End PBXFrameworksBuildPhase section */

/* Begin PBXGroup section */
		AE53D29C2A57628D0017C9EE /* Models */ = {
			isa = PBXGroup;
			children = (
				AE53D2AE2A576A0A0017C9EE /* Show */,
				AE53D29D2A57629B0017C9EE /* Base */,
			);
			path = Models;
			sourceTree = "<group>";
		};
		AE53D29D2A57629B0017C9EE /* Base */ = {
			isa = PBXGroup;
			children = (
				AE53D2A92A5766A70017C9EE /* Result.swift */,
				AE53D2A02A5766680017C9EE /* PagedListResult.swift */,
				AE53D29E2A5762A70017C9EE /* PagedGenericResponse.swift */,
				AE53D2A72A5766A00017C9EE /* BaseException.swift */,
				AE53D3722A58BA970017C9EE /* FeedbackMessage.swift */,
				AE2E8D992A5E7FAB004FC80C /* SectionModel.swift */,
			);
			path = Base;
			sourceTree = "<group>";
		};
		AE53D2AB2A5768C20017C9EE /* DataContext */ = {
			isa = PBXGroup;
			children = (
				AE53D2AC2A5769200017C9EE /* MoviesDataContext.swift */,
			);
			path = DataContext;
			sourceTree = "<group>";
		};
		AE53D2AE2A576A0A0017C9EE /* Show */ = {
			isa = PBXGroup;
			children = (
				AE7691D42A670A0200BA25D0 /* Show.swift */,
				AE7691D62A670B4D00BA25D0 /* ShowDetails.swift */,
			);
			path = Show;
			sourceTree = "<group>";
		};
		AE53D2B42A5773CC0017C9EE /* Utils */ = {
			isa = PBXGroup;
			children = (
				AE677BD22A6277C800A8207F /* Helpers */,
				AE53D38C2A58BC700017C9EE /* Extensions */,
				AE53D2B52A5773D70017C9EE /* Mappets */,
			);
			path = Utils;
			sourceTree = "<group>";
		};
		AE53D2B52A5773D70017C9EE /* Mappets */ = {
			isa = PBXGroup;
			children = (
				AE53D2B62A5773E20017C9EE /* DomainMapper.swift */,
			);
			path = Mappets;
			sourceTree = "<group>";
		};
		AE53D3862A58BC2E0017C9EE /* Managers */ = {
			isa = PBXGroup;
			children = (
				AE677BBC2A6275AE00A8207F /* Photos */,
				AE53D3872A58BC3D0017C9EE /* Localization */,
			);
			path = Managers;
			sourceTree = "<group>";
		};
		AE53D3872A58BC3D0017C9EE /* Localization */ = {
			isa = PBXGroup;
			children = (
				AE53D3882A58BC3D0017C9EE /* LanguagesManager.swift */,
				AE53D3892A58BC3D0017C9EE /* Languages.swift */,
			);
			path = Localization;
			sourceTree = "<group>";
		};
		AE53D38C2A58BC700017C9EE /* Extensions */ = {
			isa = PBXGroup;
			children = (
				AE53D38D2A58BC7C0017C9EE /* Ext_NotificationName.swift */,
			);
			path = Extensions;
			sourceTree = "<group>";
		};
		AE677BBC2A6275AE00A8207F /* Photos */ = {
			isa = PBXGroup;
			children = (
				AE677BA72A6270D500A8207F /* PhotosManager.swift */,
				AE677BBD2A6275D200A8207F /* ImageSizes.swift */,
			);
			path = Photos;
			sourceTree = "<group>";
		};
		AE677BD22A6277C800A8207F /* Helpers */ = {
			isa = PBXGroup;
			children = (
				AE677BD32A6277D600A8207F /* SafeEnumType.swift */,
			);
			path = Helpers;
			sourceTree = "<group>";
		};
		AEA26DA52A55BBF5003E8AA0 /* DI */ = {
			isa = PBXGroup;
			children = (
				AEA26DA62A55BC05003E8AA0 /* CustomInject.swift */,
			);
			path = DI;
			sourceTree = "<group>";
		};
		AED7A1172A51593700A6C820 = {
			isa = PBXGroup;
			children = (
				AED7A1232A51593700A6C820 /* Domain */,
				AED7A12F2A51593700A6C820 /* DomainTests */,
				AED7A1222A51593700A6C820 /* Products */,
				F8F5D5EEC5BBF1073B5AFE6C /* Pods */,
				C7D5A7A02953CA7649F65999 /* Frameworks */,
			);
			sourceTree = "<group>";
		};
		AED7A1222A51593700A6C820 /* Products */ = {
			isa = PBXGroup;
			children = (
				AED7A1212A51593700A6C820 /* Domain.framework */,
				AED7A12B2A51593700A6C820 /* DomainTests.xctest */,
			);
			name = Products;
			sourceTree = "<group>";
		};
		AED7A1232A51593700A6C820 /* Domain */ = {
			isa = PBXGroup;
			children = (
				AEA26DA52A55BBF5003E8AA0 /* DI */,
				AE53D29C2A57628D0017C9EE /* Models */,
				AE53D2AB2A5768C20017C9EE /* DataContext */,
				AE53D3862A58BC2E0017C9EE /* Managers */,
				AE53D2B42A5773CC0017C9EE /* Utils */,
				AED7A1242A51593700A6C820 /* Domain.h */,
				AED7A1252A51593700A6C820 /* Domain.docc */,
			);
			path = Domain;
			sourceTree = "<group>";
		};
		AED7A12F2A51593700A6C820 /* DomainTests */ = {
			isa = PBXGroup;
			children = (
				AED7A1302A51593700A6C820 /* DomainTests.swift */,
			);
			path = DomainTests;
			sourceTree = "<group>";
		};
		C7D5A7A02953CA7649F65999 /* Frameworks */ = {
			isa = PBXGroup;
			children = (
				1FB5B29DC58A46411C3461AE /* Pods_Domain.framework */,
			);
			name = Frameworks;
			sourceTree = "<group>";
		};
		F8F5D5EEC5BBF1073B5AFE6C /* Pods */ = {
			isa = PBXGroup;
			children = (
				FC078281E4F5A683555F8190 /* Pods-Domain.debug.xcconfig */,
				CB456A8D06DA10EE459D72B4 /* Pods-Domain.release.xcconfig */,
			);
			name = Pods;
			path = ../Pods;
			sourceTree = "<group>";
		};
/* End PBXGroup section */

/* Begin PBXHeadersBuildPhase section */
		AED7A11C2A51593700A6C820 /* Headers */ = {
			isa = PBXHeadersBuildPhase;
			buildActionMask = 2147483647;
			files = (
				AED7A1322A51593700A6C820 /* Domain.h in Headers */,
			);
			runOnlyForDeploymentPostprocessing = 0;
		};
/* End PBXHeadersBuildPhase section */

/* Begin PBXNativeTarget section */
		AED7A1202A51593700A6C820 /* Domain */ = {
			isa = PBXNativeTarget;
			buildConfigurationList = AED7A1352A51593700A6C820 /* Build configuration list for PBXNativeTarget "Domain" */;
			buildPhases = (
				6F3E0E2DFB3CC155D129BC8D /* [CP] Check Pods Manifest.lock */,
				AED7A11C2A51593700A6C820 /* Headers */,
				AED7A11D2A51593700A6C820 /* Sources */,
				AED7A11E2A51593700A6C820 /* Frameworks */,
				AED7A11F2A51593700A6C820 /* Resources */,
			);
			buildRules = (
			);
			dependencies = (
			);
			name = Domain;
			productName = Domain;
			productReference = AED7A1212A51593700A6C820 /* Domain.framework */;
			productType = "com.apple.product-type.framework";
		};
		AED7A12A2A51593700A6C820 /* DomainTests */ = {
			isa = PBXNativeTarget;
			buildConfigurationList = AED7A1382A51593700A6C820 /* Build configuration list for PBXNativeTarget "DomainTests" */;
			buildPhases = (
				AED7A1272A51593700A6C820 /* Sources */,
				AED7A1282A51593700A6C820 /* Frameworks */,
				AED7A1292A51593700A6C820 /* Resources */,
			);
			buildRules = (
			);
			dependencies = (
				AED7A12E2A51593700A6C820 /* PBXTargetDependency */,
			);
			name = DomainTests;
			productName = DomainTests;
			productReference = AED7A12B2A51593700A6C820 /* DomainTests.xctest */;
			productType = "com.apple.product-type.bundle.unit-test";
		};
/* End PBXNativeTarget section */

/* Begin PBXProject section */
		AED7A1182A51593700A6C820 /* Project object */ = {
			isa = PBXProject;
			attributes = {
				BuildIndependentTargetsInParallel = 1;
				LastSwiftUpdateCheck = 1420;
				LastUpgradeCheck = 1420;
				TargetAttributes = {
					AED7A1202A51593700A6C820 = {
						CreatedOnToolsVersion = 14.2;
					};
					AED7A12A2A51593700A6C820 = {
						CreatedOnToolsVersion = 14.2;
					};
				};
			};
			buildConfigurationList = AED7A11B2A51593700A6C820 /* Build configuration list for PBXProject "Domain" */;
			compatibilityVersion = "Xcode 13.0";
			developmentRegion = en;
			hasScannedForEncodings = 0;
			knownRegions = (
				en,
				Base,
			);
			mainGroup = AED7A1172A51593700A6C820;
			productRefGroup = AED7A1222A51593700A6C820 /* Products */;
			projectDirPath = "";
			projectRoot = "";
			targets = (
				AED7A1202A51593700A6C820 /* Domain */,
				AED7A12A2A51593700A6C820 /* DomainTests */,
			);
		};
/* End PBXProject section */

/* Begin PBXResourcesBuildPhase section */
		AED7A11F2A51593700A6C820 /* Resources */ = {
			isa = PBXResourcesBuildPhase;
			buildActionMask = 2147483647;
			files = (
			);
			runOnlyForDeploymentPostprocessing = 0;
		};
		AED7A1292A51593700A6C820 /* Resources */ = {
			isa = PBXResourcesBuildPhase;
			buildActionMask = 2147483647;
			files = (
			);
			runOnlyForDeploymentPostprocessing = 0;
		};
/* End PBXResourcesBuildPhase section */

/* Begin PBXShellScriptBuildPhase section */
		6F3E0E2DFB3CC155D129BC8D /* [CP] Check Pods Manifest.lock */ = {
			isa = PBXShellScriptBuildPhase;
			buildActionMask = 2147483647;
			files = (
			);
			inputFileListPaths = (
			);
			inputPaths = (
				"${PODS_PODFILE_DIR_PATH}/Podfile.lock",
				"${PODS_ROOT}/Manifest.lock",
			);
			name = "[CP] Check Pods Manifest.lock";
			outputFileListPaths = (
			);
			outputPaths = (
				"$(DERIVED_FILE_DIR)/Pods-Domain-checkManifestLockResult.txt",
			);
			runOnlyForDeploymentPostprocessing = 0;
			shellPath = /bin/sh;
			shellScript = "diff \"${PODS_PODFILE_DIR_PATH}/Podfile.lock\" \"${PODS_ROOT}/Manifest.lock\" > /dev/null\nif [ $? != 0 ] ; then\n    # print error to STDERR\n    echo \"error: The sandbox is not in sync with the Podfile.lock. Run 'pod install' or update your CocoaPods installation.\" >&2\n    exit 1\nfi\n# This output is used by Xcode 'outputs' to avoid re-running this script phase.\necho \"SUCCESS\" > \"${SCRIPT_OUTPUT_FILE_0}\"\n";
			showEnvVarsInLog = 0;
		};
/* End PBXShellScriptBuildPhase section */

/* Begin PBXSourcesBuildPhase section */
		AED7A11D2A51593700A6C820 /* Sources */ = {
			isa = PBXSourcesBuildPhase;
			buildActionMask = 2147483647;
			files = (
				AE53D2AA2A5766A80017C9EE /* Result.swift in Sources */,
				AE7691D72A670B4D00BA25D0 /* ShowDetails.swift in Sources */,
				AE53D2A12A5766680017C9EE /* PagedListResult.swift in Sources */,
				AE53D38A2A58BC3D0017C9EE /* LanguagesManager.swift in Sources */,
				AE53D3732A58BA980017C9EE /* FeedbackMessage.swift in Sources */,
				AE53D2A82A5766A00017C9EE /* BaseException.swift in Sources */,
				AE2E8D9A2A5E7FAB004FC80C /* SectionModel.swift in Sources */,
				AE677BD42A6277D600A8207F /* SafeEnumType.swift in Sources */,
				AE677BA82A6270D500A8207F /* PhotosManager.swift in Sources */,
				AE53D38B2A58BC3D0017C9EE /* Languages.swift in Sources */,
				AE53D2B72A5773E20017C9EE /* DomainMapper.swift in Sources */,
				AED7A1262A51593700A6C820 /* Domain.docc in Sources */,
				AEA26DA72A55BC05003E8AA0 /* CustomInject.swift in Sources */,
				AE53D38E2A58BC7C0017C9EE /* Ext_NotificationName.swift in Sources */,
				AE677BBE2A6275D200A8207F /* ImageSizes.swift in Sources */,
				AE53D2AD2A5769200017C9EE /* MoviesDataContext.swift in Sources */,
				AE53D29F2A5762A70017C9EE /* PagedGenericResponse.swift in Sources */,
				AE7691D52A670A0200BA25D0 /* Show.swift in Sources */,
			);
			runOnlyForDeploymentPostprocessing = 0;
		};
		AED7A1272A51593700A6C820 /* Sources */ = {
			isa = PBXSourcesBuildPhase;
			buildActionMask = 2147483647;
			files = (
				AED7A1312A51593700A6C820 /* DomainTests.swift in Sources */,
			);
			runOnlyForDeploymentPostprocessing = 0;
		};
/* End PBXSourcesBuildPhase section */

/* Begin PBXTargetDependency section */
		AED7A12E2A51593700A6C820 /* PBXTargetDependency */ = {
			isa = PBXTargetDependency;
			target = AED7A1202A51593700A6C820 /* Domain */;
			targetProxy = AED7A12D2A51593700A6C820 /* PBXContainerItemProxy */;
		};
/* End PBXTargetDependency section */

/* Begin XCBuildConfiguration section */
		AED7A1332A51593700A6C820 /* Debug */ = {
			isa = XCBuildConfiguration;
			buildSettings = {
				ALWAYS_SEARCH_USER_PATHS = NO;
				CLANG_ANALYZER_NONNULL = YES;
				CLANG_ANALYZER_NUMBER_OBJECT_CONVERSION = YES_AGGRESSIVE;
				CLANG_CXX_LANGUAGE_STANDARD = "gnu++20";
				CLANG_ENABLE_MODULES = YES;
				CLANG_ENABLE_OBJC_ARC = YES;
				CLANG_ENABLE_OBJC_WEAK = YES;
				CLANG_WARN_BLOCK_CAPTURE_AUTORELEASING = YES;
				CLANG_WARN_BOOL_CONVERSION = YES;
				CLANG_WARN_COMMA = YES;
				CLANG_WARN_CONSTANT_CONVERSION = YES;
				CLANG_WARN_DEPRECATED_OBJC_IMPLEMENTATIONS = YES;
				CLANG_WARN_DIRECT_OBJC_ISA_USAGE = YES_ERROR;
				CLANG_WARN_DOCUMENTATION_COMMENTS = YES;
				CLANG_WARN_EMPTY_BODY = YES;
				CLANG_WARN_ENUM_CONVERSION = YES;
				CLANG_WARN_INFINITE_RECURSION = YES;
				CLANG_WARN_INT_CONVERSION = YES;
				CLANG_WARN_NON_LITERAL_NULL_CONVERSION = YES;
				CLANG_WARN_OBJC_IMPLICIT_RETAIN_SELF = YES;
				CLANG_WARN_OBJC_LITERAL_CONVERSION = YES;
				CLANG_WARN_OBJC_ROOT_CLASS = YES_ERROR;
				CLANG_WARN_QUOTED_INCLUDE_IN_FRAMEWORK_HEADER = YES;
				CLANG_WARN_RANGE_LOOP_ANALYSIS = YES;
				CLANG_WARN_STRICT_PROTOTYPES = YES;
				CLANG_WARN_SUSPICIOUS_MOVE = YES;
				CLANG_WARN_UNGUARDED_AVAILABILITY = YES_AGGRESSIVE;
				CLANG_WARN_UNREACHABLE_CODE = YES;
				CLANG_WARN__DUPLICATE_METHOD_MATCH = YES;
				COPY_PHASE_STRIP = NO;
				CURRENT_PROJECT_VERSION = 1;
				DEBUG_INFORMATION_FORMAT = dwarf;
				ENABLE_STRICT_OBJC_MSGSEND = YES;
				ENABLE_TESTABILITY = YES;
				GCC_C_LANGUAGE_STANDARD = gnu11;
				GCC_DYNAMIC_NO_PIC = NO;
				GCC_NO_COMMON_BLOCKS = YES;
				GCC_OPTIMIZATION_LEVEL = 0;
				GCC_PREPROCESSOR_DEFINITIONS = (
					"DEBUG=1",
					"$(inherited)",
				);
				GCC_WARN_64_TO_32_BIT_CONVERSION = YES;
				GCC_WARN_ABOUT_RETURN_TYPE = YES_ERROR;
				GCC_WARN_UNDECLARED_SELECTOR = YES;
				GCC_WARN_UNINITIALIZED_AUTOS = YES_AGGRESSIVE;
				GCC_WARN_UNUSED_FUNCTION = YES;
				GCC_WARN_UNUSED_VARIABLE = YES;
				IPHONEOS_DEPLOYMENT_TARGET = 15.0;
				MTL_ENABLE_DEBUG_INFO = INCLUDE_SOURCE;
				MTL_FAST_MATH = YES;
				ONLY_ACTIVE_ARCH = YES;
				SDKROOT = iphoneos;
				SWIFT_ACTIVE_COMPILATION_CONDITIONS = DEBUG;
				SWIFT_OPTIMIZATION_LEVEL = "-Onone";
				VERSIONING_SYSTEM = "apple-generic";
				VERSION_INFO_PREFIX = "";
			};
			name = Debug;
		};
		AED7A1342A51593700A6C820 /* Release */ = {
			isa = XCBuildConfiguration;
			buildSettings = {
				ALWAYS_SEARCH_USER_PATHS = NO;
				CLANG_ANALYZER_NONNULL = YES;
				CLANG_ANALYZER_NUMBER_OBJECT_CONVERSION = YES_AGGRESSIVE;
				CLANG_CXX_LANGUAGE_STANDARD = "gnu++20";
				CLANG_ENABLE_MODULES = YES;
				CLANG_ENABLE_OBJC_ARC = YES;
				CLANG_ENABLE_OBJC_WEAK = YES;
				CLANG_WARN_BLOCK_CAPTURE_AUTORELEASING = YES;
				CLANG_WARN_BOOL_CONVERSION = YES;
				CLANG_WARN_COMMA = YES;
				CLANG_WARN_CONSTANT_CONVERSION = YES;
				CLANG_WARN_DEPRECATED_OBJC_IMPLEMENTATIONS = YES;
				CLANG_WARN_DIRECT_OBJC_ISA_USAGE = YES_ERROR;
				CLANG_WARN_DOCUMENTATION_COMMENTS = YES;
				CLANG_WARN_EMPTY_BODY = YES;
				CLANG_WARN_ENUM_CONVERSION = YES;
				CLANG_WARN_INFINITE_RECURSION = YES;
				CLANG_WARN_INT_CONVERSION = YES;
				CLANG_WARN_NON_LITERAL_NULL_CONVERSION = YES;
				CLANG_WARN_OBJC_IMPLICIT_RETAIN_SELF = YES;
				CLANG_WARN_OBJC_LITERAL_CONVERSION = YES;
				CLANG_WARN_OBJC_ROOT_CLASS = YES_ERROR;
				CLANG_WARN_QUOTED_INCLUDE_IN_FRAMEWORK_HEADER = YES;
				CLANG_WARN_RANGE_LOOP_ANALYSIS = YES;
				CLANG_WARN_STRICT_PROTOTYPES = YES;
				CLANG_WARN_SUSPICIOUS_MOVE = YES;
				CLANG_WARN_UNGUARDED_AVAILABILITY = YES_AGGRESSIVE;
				CLANG_WARN_UNREACHABLE_CODE = YES;
				CLANG_WARN__DUPLICATE_METHOD_MATCH = YES;
				COPY_PHASE_STRIP = NO;
				CURRENT_PROJECT_VERSION = 1;
				DEBUG_INFORMATION_FORMAT = "dwarf-with-dsym";
				ENABLE_NS_ASSERTIONS = NO;
				ENABLE_STRICT_OBJC_MSGSEND = YES;
				GCC_C_LANGUAGE_STANDARD = gnu11;
				GCC_NO_COMMON_BLOCKS = YES;
				GCC_WARN_64_TO_32_BIT_CONVERSION = YES;
				GCC_WARN_ABOUT_RETURN_TYPE = YES_ERROR;
				GCC_WARN_UNDECLARED_SELECTOR = YES;
				GCC_WARN_UNINITIALIZED_AUTOS = YES_AGGRESSIVE;
				GCC_WARN_UNUSED_FUNCTION = YES;
				GCC_WARN_UNUSED_VARIABLE = YES;
				IPHONEOS_DEPLOYMENT_TARGET = 15.0;
				MTL_ENABLE_DEBUG_INFO = NO;
				MTL_FAST_MATH = YES;
				SDKROOT = iphoneos;
				SWIFT_COMPILATION_MODE = wholemodule;
				SWIFT_OPTIMIZATION_LEVEL = "-O";
				VALIDATE_PRODUCT = YES;
				VERSIONING_SYSTEM = "apple-generic";
				VERSION_INFO_PREFIX = "";
			};
			name = Release;
		};
		AED7A1362A51593700A6C820 /* Debug */ = {
			isa = XCBuildConfiguration;
			baseConfigurationReference = FC078281E4F5A683555F8190 /* Pods-Domain.debug.xcconfig */;
			buildSettings = {
				CODE_SIGN_STYLE = Automatic;
				CURRENT_PROJECT_VERSION = 1;
				DEFINES_MODULE = YES;
				DEVELOPMENT_TEAM = PQV5BN264J;
				DYLIB_COMPATIBILITY_VERSION = 1;
				DYLIB_CURRENT_VERSION = 1;
				DYLIB_INSTALL_NAME_BASE = "@rpath";
				GENERATE_INFOPLIST_FILE = YES;
				INFOPLIST_KEY_NSHumanReadableCopyright = "";
				INSTALL_PATH = "$(LOCAL_LIBRARY_DIR)/Frameworks";
				IPHONEOS_DEPLOYMENT_TARGET = 15.0;
				LD_RUNPATH_SEARCH_PATHS = (
					"$(inherited)",
					"@executable_path/Frameworks",
					"@loader_path/Frameworks",
				);
				MARKETING_VERSION = 1.0;
				PRODUCT_BUNDLE_IDENTIFIER = gr.thanflix.Domain;
				PRODUCT_NAME = "$(TARGET_NAME:c99extidentifier)";
				SKIP_INSTALL = YES;
				SUPPORTED_PLATFORMS = "iphoneos iphonesimulator";
				SUPPORTS_MACCATALYST = NO;
				SUPPORTS_MAC_DESIGNED_FOR_IPHONE_IPAD = NO;
				SWIFT_EMIT_LOC_STRINGS = YES;
				SWIFT_VERSION = 5.0;
				TARGETED_DEVICE_FAMILY = 1;
			};
			name = Debug;
		};
		AED7A1372A51593700A6C820 /* Release */ = {
			isa = XCBuildConfiguration;
			baseConfigurationReference = CB456A8D06DA10EE459D72B4 /* Pods-Domain.release.xcconfig */;
			buildSettings = {
				CODE_SIGN_STYLE = Automatic;
				CURRENT_PROJECT_VERSION = 1;
				DEFINES_MODULE = YES;
				DEVELOPMENT_TEAM = PQV5BN264J;
				DYLIB_COMPATIBILITY_VERSION = 1;
				DYLIB_CURRENT_VERSION = 1;
				DYLIB_INSTALL_NAME_BASE = "@rpath";
				GENERATE_INFOPLIST_FILE = YES;
				INFOPLIST_KEY_NSHumanReadableCopyright = "";
				INSTALL_PATH = "$(LOCAL_LIBRARY_DIR)/Frameworks";
				IPHONEOS_DEPLOYMENT_TARGET = 15.0;
				LD_RUNPATH_SEARCH_PATHS = (
					"$(inherited)",
					"@executable_path/Frameworks",
					"@loader_path/Frameworks",
				);
				MARKETING_VERSION = 1.0;
				PRODUCT_BUNDLE_IDENTIFIER = gr.thanflix.Domain;
				PRODUCT_NAME = "$(TARGET_NAME:c99extidentifier)";
				SKIP_INSTALL = YES;
				SUPPORTED_PLATFORMS = "iphoneos iphonesimulator";
				SUPPORTS_MACCATALYST = NO;
				SUPPORTS_MAC_DESIGNED_FOR_IPHONE_IPAD = NO;
				SWIFT_EMIT_LOC_STRINGS = YES;
				SWIFT_VERSION = 5.0;
				TARGETED_DEVICE_FAMILY = 1;
			};
			name = Release;
		};
		AED7A1392A51593700A6C820 /* Debug */ = {
			isa = XCBuildConfiguration;
			buildSettings = {
				ALWAYS_EMBED_SWIFT_STANDARD_LIBRARIES = YES;
				CODE_SIGN_STYLE = Automatic;
				CURRENT_PROJECT_VERSION = 1;
				DEVELOPMENT_TEAM = PQV5BN264J;
				GENERATE_INFOPLIST_FILE = YES;
				MARKETING_VERSION = 1.0;
				PRODUCT_BUNDLE_IDENTIFIER = gr.thanflix.DomainTests;
				PRODUCT_NAME = "$(TARGET_NAME)";
				SWIFT_EMIT_LOC_STRINGS = NO;
				SWIFT_VERSION = 5.0;
				TARGETED_DEVICE_FAMILY = "1,2";
			};
			name = Debug;
		};
		AED7A13A2A51593700A6C820 /* Release */ = {
			isa = XCBuildConfiguration;
			buildSettings = {
				ALWAYS_EMBED_SWIFT_STANDARD_LIBRARIES = YES;
				CODE_SIGN_STYLE = Automatic;
				CURRENT_PROJECT_VERSION = 1;
				DEVELOPMENT_TEAM = PQV5BN264J;
				GENERATE_INFOPLIST_FILE = YES;
				MARKETING_VERSION = 1.0;
				PRODUCT_BUNDLE_IDENTIFIER = gr.thanflix.DomainTests;
				PRODUCT_NAME = "$(TARGET_NAME)";
				SWIFT_EMIT_LOC_STRINGS = NO;
				SWIFT_VERSION = 5.0;
				TARGETED_DEVICE_FAMILY = "1,2";
			};
			name = Release;
		};
/* End XCBuildConfiguration section */

/* Begin XCConfigurationList section */
		AED7A11B2A51593700A6C820 /* Build configuration list for PBXProject "Domain" */ = {
			isa = XCConfigurationList;
			buildConfigurations = (
				AED7A1332A51593700A6C820 /* Debug */,
				AED7A1342A51593700A6C820 /* Release */,
			);
			defaultConfigurationIsVisible = 0;
			defaultConfigurationName = Release;
		};
		AED7A1352A51593700A6C820 /* Build configuration list for PBXNativeTarget "Domain" */ = {
			isa = XCConfigurationList;
			buildConfigurations = (
				AED7A1362A51593700A6C820 /* Debug */,
				AED7A1372A51593700A6C820 /* Release */,
			);
			defaultConfigurationIsVisible = 0;
			defaultConfigurationName = Release;
		};
		AED7A1382A51593700A6C820 /* Build configuration list for PBXNativeTarget "DomainTests" */ = {
			isa = XCConfigurationList;
			buildConfigurations = (
				AED7A1392A51593700A6C820 /* Debug */,
				AED7A13A2A51593700A6C820 /* Release */,
			);
			defaultConfigurationIsVisible = 0;
			defaultConfigurationName = Release;
		};
/* End XCConfigurationList section */
	};
	rootObject = AED7A1182A51593700A6C820 /* Project object */;
}
