// !$*UTF8*$!
{
	archiveVersion = 1;
	classes = {
	};
	objectVersion = 55;
	objects = {

/* Begin PBXBuildFile section */
		AE01370A2A59CDDC00C38013 /* Presentation.framework in Frameworks */ = {isa = PBXBuildFile; fileRef = AE0136F92A59CDB200C38013 /* Presentation.framework */; };
		AE2E8D222A5CABDA004FC80C /* MoviesCoordinator.swift in Sources */ = {isa = PBXBuildFile; fileRef = AE2E8D212A5CABDA004FC80C /* MoviesCoordinator.swift */; };
		AE2E8D282A5CAC1F004FC80C /* MoviesLandingVC.swift in Sources */ = {isa = PBXBuildFile; fileRef = AE2E8D262A5CAC1F004FC80C /* MoviesLandingVC.swift */; };
		AE2E8D292A5CAC1F004FC80C /* MoviesLandingVC.xib in Resources */ = {isa = PBXBuildFile; fileRef = AE2E8D272A5CAC1F004FC80C /* MoviesLandingVC.xib */; };
		AE2E8D962A5E7EFD004FC80C /* MoviesLandingEvents.swift in Sources */ = {isa = PBXBuildFile; fileRef = AE2E8D932A5E7EFD004FC80C /* MoviesLandingEvents.swift */; };
		AE2E8D972A5E7EFD004FC80C /* MoviesLandingViewModel.swift in Sources */ = {isa = PBXBuildFile; fileRef = AE2E8D942A5E7EFD004FC80C /* MoviesLandingViewModel.swift */; };
		AE2E8D982A5E7EFD004FC80C /* MoviesLandingState.swift in Sources */ = {isa = PBXBuildFile; fileRef = AE2E8D952A5E7EFD004FC80C /* MoviesLandingState.swift */; };
		AE2E8DA12A5EB120004FC80C /* MovieCollectionViewCell.swift in Sources */ = {isa = PBXBuildFile; fileRef = AE2E8D9F2A5EB120004FC80C /* MovieCollectionViewCell.swift */; };
		AE2E8DA22A5EB120004FC80C /* MovieCollectionViewCell.xib in Resources */ = {isa = PBXBuildFile; fileRef = AE2E8DA02A5EB120004FC80C /* MovieCollectionViewCell.xib */; };
		AE2E8DD92A5F508B004FC80C /* MovieCollectionViewSectionHeader.swift in Sources */ = {isa = PBXBuildFile; fileRef = AE2E8DD72A5F508B004FC80C /* MovieCollectionViewSectionHeader.swift */; };
		AE2E8DDA2A5F508B004FC80C /* MovieCollectionViewSectionHeader.xib in Resources */ = {isa = PBXBuildFile; fileRef = AE2E8DD82A5F508B004FC80C /* MovieCollectionViewSectionHeader.xib */; };
		AE7691DF2A6712B800BA25D0 /* MovieDetailsVC.swift in Sources */ = {isa = PBXBuildFile; fileRef = AE7691DD2A6712B800BA25D0 /* MovieDetailsVC.swift */; };
		AE7691E02A6712B800BA25D0 /* MovieDetailsVC.xib in Resources */ = {isa = PBXBuildFile; fileRef = AE7691DE2A6712B800BA25D0 /* MovieDetailsVC.xib */; };
		AE7691E42A67138D00BA25D0 /* MovieDetailsEvents.swift in Sources */ = {isa = PBXBuildFile; fileRef = AE7691E12A67138D00BA25D0 /* MovieDetailsEvents.swift */; };
		AE7691E52A67138D00BA25D0 /* MovieDetailsViewModel.swift in Sources */ = {isa = PBXBuildFile; fileRef = AE7691E22A67138D00BA25D0 /* MovieDetailsViewModel.swift */; };
		AE7691E62A67138D00BA25D0 /* MovieDetailsState.swift in Sources */ = {isa = PBXBuildFile; fileRef = AE7691E32A67138D00BA25D0 /* MovieDetailsState.swift */; };
		AE7692042A6749B900BA25D0 /* MovieOverviewItemView.swift in Sources */ = {isa = PBXBuildFile; fileRef = AE7692022A6749B900BA25D0 /* MovieOverviewItemView.swift */; };
		AEB65F172A68732800F80C46 /* MovieInfoView.swift in Sources */ = {isa = PBXBuildFile; fileRef = AEB65F162A68732800F80C46 /* MovieInfoView.swift */; };
		AEB65F1C2A68734E00F80C46 /* MovieInfoView.xib in Resources */ = {isa = PBXBuildFile; fileRef = AEB65F1B2A68734E00F80C46 /* MovieInfoView.xib */; };
		AEB65F1F2A68A0A200F80C46 /* MovieOverviewView.swift in Sources */ = {isa = PBXBuildFile; fileRef = AEB65F1E2A68A0A200F80C46 /* MovieOverviewView.swift */; };
		AEB65F212A68A0A900F80C46 /* MovieOverviewView.xib in Resources */ = {isa = PBXBuildFile; fileRef = AEB65F202A68A0A900F80C46 /* MovieOverviewView.xib */; };
		AEB65F262A68A39600F80C46 /* MovieOverviewItemView.xib in Resources */ = {isa = PBXBuildFile; fileRef = AEB65F252A68A39600F80C46 /* MovieOverviewItemView.xib */; };
		AEB65F3C2A68AEBE00F80C46 /* ProductionCompaniesView.swift in Sources */ = {isa = PBXBuildFile; fileRef = AEB65F3B2A68AEBE00F80C46 /* ProductionCompaniesView.swift */; };
		AEB65F3E2A68AECB00F80C46 /* ProductionCompaniesView.xib in Resources */ = {isa = PBXBuildFile; fileRef = AEB65F3D2A68AECB00F80C46 /* ProductionCompaniesView.xib */; };
		AEB65F412A68B69B00F80C46 /* ProductionCompanyCell.swift in Sources */ = {isa = PBXBuildFile; fileRef = AEB65F3F2A68B69B00F80C46 /* ProductionCompanyCell.swift */; };
		AEB65F422A68B69B00F80C46 /* ProductionCompanyCell.xib in Resources */ = {isa = PBXBuildFile; fileRef = AEB65F402A68B69B00F80C46 /* ProductionCompanyCell.xib */; };
		AED6FAFA2A59CC3100AB8F92 /* Movies.docc in Sources */ = {isa = PBXBuildFile; fileRef = AED6FAF92A59CC3100AB8F92 /* Movies.docc */; };
		AED6FB002A59CC3100AB8F92 /* Movies.framework in Frameworks */ = {isa = PBXBuildFile; fileRef = AED6FAF52A59CC3100AB8F92 /* Movies.framework */; };
		AED6FB052A59CC3100AB8F92 /* MoviesTests.swift in Sources */ = {isa = PBXBuildFile; fileRef = AED6FB042A59CC3100AB8F92 /* MoviesTests.swift */; };
		AED6FB062A59CC3100AB8F92 /* Movies.h in Headers */ = {isa = PBXBuildFile; fileRef = AED6FAF82A59CC3100AB8F92 /* Movies.h */; settings = {ATTRIBUTES = (Public, ); }; };
		C2CCC87EB8BA2551CF5AA6E2 /* Pods_Movies.framework in Frameworks */ = {isa = PBXBuildFile; fileRef = 34BB8BE93AEDF30D4723FACD /* Pods_Movies.framework */; };
		C2D307FD2E330CC7E2199D6A /* Pods_MoviesTests.framework in Frameworks */ = {isa = PBXBuildFile; fileRef = 037875F8FCA6284F2304D207 /* Pods_MoviesTests.framework */; };
/* End PBXBuildFile section */

/* Begin PBXContainerItemProxy section */
		AE0136F82A59CDB200C38013 /* PBXContainerItemProxy */ = {
			isa = PBXContainerItemProxy;
			containerPortal = AE0136F32A59CDB200C38013 /* Presentation.xcodeproj */;
			proxyType = 2;
			remoteGlobalIDString = AED7A1B12A515AD200A6C820;
			remoteInfo = Presentation;
		};
		AE0136FA2A59CDB200C38013 /* PBXContainerItemProxy */ = {
			isa = PBXContainerItemProxy;
			containerPortal = AE0136F32A59CDB200C38013 /* Presentation.xcodeproj */;
			proxyType = 2;
			remoteGlobalIDString = AED7A1BB2A515AD200A6C820;
			remoteInfo = PresentationTests;
		};
		AED6FB012A59CC3100AB8F92 /* PBXContainerItemProxy */ = {
			isa = PBXContainerItemProxy;
			containerPortal = AED6FAEC2A59CC3100AB8F92 /* Project object */;
			proxyType = 1;
			remoteGlobalIDString = AED6FAF42A59CC3100AB8F92;
			remoteInfo = Movies;
		};
/* End PBXContainerItemProxy section */

/* Begin PBXFileReference section */
		037875F8FCA6284F2304D207 /* Pods_MoviesTests.framework */ = {isa = PBXFileReference; explicitFileType = wrapper.framework; includeInIndex = 0; path = Pods_MoviesTests.framework; sourceTree = BUILT_PRODUCTS_DIR; };
		18E0DAFD72E175BA3C71F1BB /* Pods-MoviesTests.debug.xcconfig */ = {isa = PBXFileReference; includeInIndex = 1; lastKnownFileType = text.xcconfig; name = "Pods-MoviesTests.debug.xcconfig"; path = "Target Support Files/Pods-MoviesTests/Pods-MoviesTests.debug.xcconfig"; sourceTree = "<group>"; };
		20A9A698DE21B85EAE895912 /* Pods-MoviesTests.release.xcconfig */ = {isa = PBXFileReference; includeInIndex = 1; lastKnownFileType = text.xcconfig; name = "Pods-MoviesTests.release.xcconfig"; path = "Target Support Files/Pods-MoviesTests/Pods-MoviesTests.release.xcconfig"; sourceTree = "<group>"; };
		34BB8BE93AEDF30D4723FACD /* Pods_Movies.framework */ = {isa = PBXFileReference; explicitFileType = wrapper.framework; includeInIndex = 0; path = Pods_Movies.framework; sourceTree = BUILT_PRODUCTS_DIR; };
		37137977626F2C6FAC5D9531 /* Pods-Movies.release.xcconfig */ = {isa = PBXFileReference; includeInIndex = 1; lastKnownFileType = text.xcconfig; name = "Pods-Movies.release.xcconfig"; path = "Target Support Files/Pods-Movies/Pods-Movies.release.xcconfig"; sourceTree = "<group>"; };
		67C0E5CD11D1926FC2281048 /* Pods-Movies.debug.xcconfig */ = {isa = PBXFileReference; includeInIndex = 1; lastKnownFileType = text.xcconfig; name = "Pods-Movies.debug.xcconfig"; path = "Target Support Files/Pods-Movies/Pods-Movies.debug.xcconfig"; sourceTree = "<group>"; };
		AE0136F32A59CDB200C38013 /* Presentation.xcodeproj */ = {isa = PBXFileReference; lastKnownFileType = "wrapper.pb-project"; name = Presentation.xcodeproj; path = ../Presentation/Presentation.xcodeproj; sourceTree = "<group>"; };
		AE2E8D212A5CABDA004FC80C /* MoviesCoordinator.swift */ = {isa = PBXFileReference; fileEncoding = 4; lastKnownFileType = sourcecode.swift; path = MoviesCoordinator.swift; sourceTree = "<group>"; };
		AE2E8D262A5CAC1F004FC80C /* MoviesLandingVC.swift */ = {isa = PBXFileReference; lastKnownFileType = sourcecode.swift; path = MoviesLandingVC.swift; sourceTree = "<group>"; };
		AE2E8D272A5CAC1F004FC80C /* MoviesLandingVC.xib */ = {isa = PBXFileReference; lastKnownFileType = file.xib; path = MoviesLandingVC.xib; sourceTree = "<group>"; };
		AE2E8D932A5E7EFD004FC80C /* MoviesLandingEvents.swift */ = {isa = PBXFileReference; lastKnownFileType = sourcecode.swift; path = MoviesLandingEvents.swift; sourceTree = "<group>"; };
		AE2E8D942A5E7EFD004FC80C /* MoviesLandingViewModel.swift */ = {isa = PBXFileReference; lastKnownFileType = sourcecode.swift; path = MoviesLandingViewModel.swift; sourceTree = "<group>"; };
		AE2E8D952A5E7EFD004FC80C /* MoviesLandingState.swift */ = {isa = PBXFileReference; lastKnownFileType = sourcecode.swift; path = MoviesLandingState.swift; sourceTree = "<group>"; };
		AE2E8D9F2A5EB120004FC80C /* MovieCollectionViewCell.swift */ = {isa = PBXFileReference; lastKnownFileType = sourcecode.swift; path = MovieCollectionViewCell.swift; sourceTree = "<group>"; };
		AE2E8DA02A5EB120004FC80C /* MovieCollectionViewCell.xib */ = {isa = PBXFileReference; lastKnownFileType = file.xib; path = MovieCollectionViewCell.xib; sourceTree = "<group>"; };
		AE2E8DD72A5F508B004FC80C /* MovieCollectionViewSectionHeader.swift */ = {isa = PBXFileReference; lastKnownFileType = sourcecode.swift; path = MovieCollectionViewSectionHeader.swift; sourceTree = "<group>"; };
		AE2E8DD82A5F508B004FC80C /* MovieCollectionViewSectionHeader.xib */ = {isa = PBXFileReference; lastKnownFileType = file.xib; path = MovieCollectionViewSectionHeader.xib; sourceTree = "<group>"; };
		AE7691DD2A6712B800BA25D0 /* MovieDetailsVC.swift */ = {isa = PBXFileReference; lastKnownFileType = sourcecode.swift; path = MovieDetailsVC.swift; sourceTree = "<group>"; };
		AE7691DE2A6712B800BA25D0 /* MovieDetailsVC.xib */ = {isa = PBXFileReference; lastKnownFileType = file.xib; path = MovieDetailsVC.xib; sourceTree = "<group>"; };
		AE7691E12A67138D00BA25D0 /* MovieDetailsEvents.swift */ = {isa = PBXFileReference; lastKnownFileType = sourcecode.swift; path = MovieDetailsEvents.swift; sourceTree = "<group>"; };
		AE7691E22A67138D00BA25D0 /* MovieDetailsViewModel.swift */ = {isa = PBXFileReference; lastKnownFileType = sourcecode.swift; path = MovieDetailsViewModel.swift; sourceTree = "<group>"; };
		AE7691E32A67138D00BA25D0 /* MovieDetailsState.swift */ = {isa = PBXFileReference; lastKnownFileType = sourcecode.swift; path = MovieDetailsState.swift; sourceTree = "<group>"; };
		AE7692022A6749B900BA25D0 /* MovieOverviewItemView.swift */ = {isa = PBXFileReference; lastKnownFileType = sourcecode.swift; path = MovieOverviewItemView.swift; sourceTree = "<group>"; };
		AEB65F162A68732800F80C46 /* MovieInfoView.swift */ = {isa = PBXFileReference; lastKnownFileType = sourcecode.swift; path = MovieInfoView.swift; sourceTree = "<group>"; };
		AEB65F1B2A68734E00F80C46 /* MovieInfoView.xib */ = {isa = PBXFileReference; lastKnownFileType = file.xib; path = MovieInfoView.xib; sourceTree = "<group>"; };
		AEB65F1E2A68A0A200F80C46 /* MovieOverviewView.swift */ = {isa = PBXFileReference; lastKnownFileType = sourcecode.swift; path = MovieOverviewView.swift; sourceTree = "<group>"; };
		AEB65F202A68A0A900F80C46 /* MovieOverviewView.xib */ = {isa = PBXFileReference; lastKnownFileType = file.xib; path = MovieOverviewView.xib; sourceTree = "<group>"; };
		AEB65F252A68A39600F80C46 /* MovieOverviewItemView.xib */ = {isa = PBXFileReference; fileEncoding = 4; lastKnownFileType = file.xib; path = MovieOverviewItemView.xib; sourceTree = "<group>"; };
		AEB65F3B2A68AEBE00F80C46 /* ProductionCompaniesView.swift */ = {isa = PBXFileReference; lastKnownFileType = sourcecode.swift; path = ProductionCompaniesView.swift; sourceTree = "<group>"; };
		AEB65F3D2A68AECB00F80C46 /* ProductionCompaniesView.xib */ = {isa = PBXFileReference; lastKnownFileType = file.xib; path = ProductionCompaniesView.xib; sourceTree = "<group>"; };
		AEB65F3F2A68B69B00F80C46 /* ProductionCompanyCell.swift */ = {isa = PBXFileReference; lastKnownFileType = sourcecode.swift; path = ProductionCompanyCell.swift; sourceTree = "<group>"; };
		AEB65F402A68B69B00F80C46 /* ProductionCompanyCell.xib */ = {isa = PBXFileReference; lastKnownFileType = file.xib; path = ProductionCompanyCell.xib; sourceTree = "<group>"; };
		AED6FAF52A59CC3100AB8F92 /* Movies.framework */ = {isa = PBXFileReference; explicitFileType = wrapper.framework; includeInIndex = 0; path = Movies.framework; sourceTree = BUILT_PRODUCTS_DIR; };
		AED6FAF82A59CC3100AB8F92 /* Movies.h */ = {isa = PBXFileReference; lastKnownFileType = sourcecode.c.h; path = Movies.h; sourceTree = "<group>"; };
		AED6FAF92A59CC3100AB8F92 /* Movies.docc */ = {isa = PBXFileReference; lastKnownFileType = folder.documentationcatalog; path = Movies.docc; sourceTree = "<group>"; };
		AED6FAFF2A59CC3100AB8F92 /* MoviesTests.xctest */ = {isa = PBXFileReference; explicitFileType = wrapper.cfbundle; includeInIndex = 0; path = MoviesTests.xctest; sourceTree = BUILT_PRODUCTS_DIR; };
		AED6FB042A59CC3100AB8F92 /* MoviesTests.swift */ = {isa = PBXFileReference; lastKnownFileType = sourcecode.swift; path = MoviesTests.swift; sourceTree = "<group>"; };
/* End PBXFileReference section */

/* Begin PBXFrameworksBuildPhase section */
		AED6FAF22A59CC3100AB8F92 /* Frameworks */ = {
			isa = PBXFrameworksBuildPhase;
			buildActionMask = 2147483647;
			files = (
				AE01370A2A59CDDC00C38013 /* Presentation.framework in Frameworks */,
				C2CCC87EB8BA2551CF5AA6E2 /* Pods_Movies.framework in Frameworks */,
			);
			runOnlyForDeploymentPostprocessing = 0;
		};
		AED6FAFC2A59CC3100AB8F92 /* Frameworks */ = {
			isa = PBXFrameworksBuildPhase;
			buildActionMask = 2147483647;
			files = (
				AED6FB002A59CC3100AB8F92 /* Movies.framework in Frameworks */,
				C2D307FD2E330CC7E2199D6A /* Pods_MoviesTests.framework in Frameworks */,
			);
			runOnlyForDeploymentPostprocessing = 0;
		};
/* End PBXFrameworksBuildPhase section */

/* Begin PBXGroup section */
		AE0136F42A59CDB200C38013 /* Products */ = {
			isa = PBXGroup;
			children = (
				AE0136F92A59CDB200C38013 /* Presentation.framework */,
				AE0136FB2A59CDB200C38013 /* PresentationTests.xctest */,
			);
			name = Products;
			sourceTree = "<group>";
		};
		AE0137092A59CDDC00C38013 /* Frameworks */ = {
			isa = PBXGroup;
			children = (
				34BB8BE93AEDF30D4723FACD /* Pods_Movies.framework */,
				037875F8FCA6284F2304D207 /* Pods_MoviesTests.framework */,
			);
			name = Frameworks;
			sourceTree = "<group>";
		};
		AE2E8D1E2A5CABD0004FC80C /* Coordinators */ = {
			isa = PBXGroup;
			children = (
				AE2E8D212A5CABDA004FC80C /* MoviesCoordinator.swift */,
			);
			path = Coordinators;
			sourceTree = "<group>";
		};
		AE2E8D232A5CABE5004FC80C /* Controllers */ = {
			isa = PBXGroup;
			children = (
				AE2E8D8E2A5E7EC5004FC80C /* MoviesLanding */,
				AE7691DA2A67128700BA25D0 /* MovieDetails */,
			);
			path = Controllers;
			sourceTree = "<group>";
		};
		AE2E8D8E2A5E7EC5004FC80C /* MoviesLanding */ = {
			isa = PBXGroup;
			children = (
				AE2E8D912A5E7ED2004FC80C /* Components */,
				AE2E8D922A5E7ED7004FC80C /* Interactors */,
				AE2E8D262A5CAC1F004FC80C /* MoviesLandingVC.swift */,
				AE2E8D272A5CAC1F004FC80C /* MoviesLandingVC.xib */,
				AE2E8D942A5E7EFD004FC80C /* MoviesLandingViewModel.swift */,
			);
			path = MoviesLanding;
			sourceTree = "<group>";
		};
		AE2E8D912A5E7ED2004FC80C /* Components */ = {
			isa = PBXGroup;
			children = (
				AE2E8DD62A5F5030004FC80C /* CollectionViewHeader */,
				AE2E8DD52A5F4F87004FC80C /* CollectionViewCells */,
			);
			path = Components;
			sourceTree = "<group>";
		};
		AE2E8D922A5E7ED7004FC80C /* Interactors */ = {
			isa = PBXGroup;
			children = (
				AE2E8D932A5E7EFD004FC80C /* MoviesLandingEvents.swift */,
				AE2E8D952A5E7EFD004FC80C /* MoviesLandingState.swift */,
			);
			path = Interactors;
			sourceTree = "<group>";
		};
		AE2E8DD52A5F4F87004FC80C /* CollectionViewCells */ = {
			isa = PBXGroup;
			children = (
				AE2E8D9F2A5EB120004FC80C /* MovieCollectionViewCell.swift */,
				AE2E8DA02A5EB120004FC80C /* MovieCollectionViewCell.xib */,
			);
			path = CollectionViewCells;
			sourceTree = "<group>";
		};
		AE2E8DD62A5F5030004FC80C /* CollectionViewHeader */ = {
			isa = PBXGroup;
			children = (
				AE2E8DD72A5F508B004FC80C /* MovieCollectionViewSectionHeader.swift */,
				AE2E8DD82A5F508B004FC80C /* MovieCollectionViewSectionHeader.xib */,
			);
			path = CollectionViewHeader;
			sourceTree = "<group>";
		};
		AE7691DA2A67128700BA25D0 /* MovieDetails */ = {
			isa = PBXGroup;
			children = (
				AE7692012A6748FE00BA25D0 /* Components */,
				AE7691E72A67139100BA25D0 /* Interactos */,
				AE7691DD2A6712B800BA25D0 /* MovieDetailsVC.swift */,
				AE7691DE2A6712B800BA25D0 /* MovieDetailsVC.xib */,
				AE7691E22A67138D00BA25D0 /* MovieDetailsViewModel.swift */,
			);
			path = MovieDetails;
			sourceTree = "<group>";
		};
		AE7691E72A67139100BA25D0 /* Interactos */ = {
			isa = PBXGroup;
			children = (
				AE7691E12A67138D00BA25D0 /* MovieDetailsEvents.swift */,
				AE7691E32A67138D00BA25D0 /* MovieDetailsState.swift */,
			);
			path = Interactos;
			sourceTree = "<group>";
		};
		AE7692012A6748FE00BA25D0 /* Components */ = {
			isa = PBXGroup;
			children = (
				AEB65F3A2A68AE2A00F80C46 /* ProductionCompanies */,
				AEB65F1D2A68A02D00F80C46 /* MovieOverview */,
				AEB65F1A2A68732E00F80C46 /* MovieInfo */,
			);
			path = Components;
			sourceTree = "<group>";
		};
		AEB65F1A2A68732E00F80C46 /* MovieInfo */ = {
			isa = PBXGroup;
			children = (
				AEB65F162A68732800F80C46 /* MovieInfoView.swift */,
				AEB65F1B2A68734E00F80C46 /* MovieInfoView.xib */,
			);
			path = MovieInfo;
			sourceTree = "<group>";
		};
		AEB65F1D2A68A02D00F80C46 /* MovieOverview */ = {
			isa = PBXGroup;
			children = (
				AE7692022A6749B900BA25D0 /* MovieOverviewItemView.swift */,
				AEB65F252A68A39600F80C46 /* MovieOverviewItemView.xib */,
				AEB65F1E2A68A0A200F80C46 /* MovieOverviewView.swift */,
				AEB65F202A68A0A900F80C46 /* MovieOverviewView.xib */,
			);
			path = MovieOverview;
			sourceTree = "<group>";
		};
		AEB65F3A2A68AE2A00F80C46 /* ProductionCompanies */ = {
			isa = PBXGroup;
			children = (
				AEB65F3B2A68AEBE00F80C46 /* ProductionCompaniesView.swift */,
				AEB65F3D2A68AECB00F80C46 /* ProductionCompaniesView.xib */,
				AEB65F3F2A68B69B00F80C46 /* ProductionCompanyCell.swift */,
				AEB65F402A68B69B00F80C46 /* ProductionCompanyCell.xib */,
			);
			path = ProductionCompanies;
			sourceTree = "<group>";
		};
		AED6FAEB2A59CC3100AB8F92 = {
			isa = PBXGroup;
			children = (
				AED6FB342A59CD3C00AB8F92 /* Dependencies */,
				AED6FAF72A59CC3100AB8F92 /* Movies */,
				AED6FB032A59CC3100AB8F92 /* MoviesTests */,
				AED6FAF62A59CC3100AB8F92 /* Products */,
				AE0137092A59CDDC00C38013 /* Frameworks */,
				B2807195E24B9ECB6E3B38AF /* Pods */,
			);
			sourceTree = "<group>";
		};
		AED6FAF62A59CC3100AB8F92 /* Products */ = {
			isa = PBXGroup;
			children = (
				AED6FAF52A59CC3100AB8F92 /* Movies.framework */,
				AED6FAFF2A59CC3100AB8F92 /* MoviesTests.xctest */,
			);
			name = Products;
			sourceTree = "<group>";
		};
		AED6FAF72A59CC3100AB8F92 /* Movies */ = {
			isa = PBXGroup;
			children = (
				AE2E8D1E2A5CABD0004FC80C /* Coordinators */,
				AE2E8D232A5CABE5004FC80C /* Controllers */,
				AED6FAF82A59CC3100AB8F92 /* Movies.h */,
				AED6FAF92A59CC3100AB8F92 /* Movies.docc */,
			);
			path = Movies;
			sourceTree = "<group>";
		};
		AED6FB032A59CC3100AB8F92 /* MoviesTests */ = {
			isa = PBXGroup;
			children = (
				AED6FB042A59CC3100AB8F92 /* MoviesTests.swift */,
			);
			path = MoviesTests;
			sourceTree = "<group>";
		};
		AED6FB342A59CD3C00AB8F92 /* Dependencies */ = {
			isa = PBXGroup;
			children = (
				AE0136F32A59CDB200C38013 /* Presentation.xcodeproj */,
			);
			name = Dependencies;
			sourceTree = "<group>";
		};
		B2807195E24B9ECB6E3B38AF /* Pods */ = {
			isa = PBXGroup;
			children = (
				67C0E5CD11D1926FC2281048 /* Pods-Movies.debug.xcconfig */,
				37137977626F2C6FAC5D9531 /* Pods-Movies.release.xcconfig */,
				18E0DAFD72E175BA3C71F1BB /* Pods-MoviesTests.debug.xcconfig */,
				20A9A698DE21B85EAE895912 /* Pods-MoviesTests.release.xcconfig */,
			);
			name = Pods;
			path = ../Pods;
			sourceTree = "<group>";
		};
/* End PBXGroup section */

/* Begin PBXHeadersBuildPhase section */
		AED6FAF02A59CC3100AB8F92 /* Headers */ = {
			isa = PBXHeadersBuildPhase;
			buildActionMask = 2147483647;
			files = (
				AED6FB062A59CC3100AB8F92 /* Movies.h in Headers */,
			);
			runOnlyForDeploymentPostprocessing = 0;
		};
/* End PBXHeadersBuildPhase section */

/* Begin PBXNativeTarget section */
		AED6FAF42A59CC3100AB8F92 /* Movies */ = {
			isa = PBXNativeTarget;
			buildConfigurationList = AED6FB092A59CC3100AB8F92 /* Build configuration list for PBXNativeTarget "Movies" */;
			buildPhases = (
				3CFF5663CAE8B2A74BD638D9 /* [CP] Check Pods Manifest.lock */,
				AED6FAF02A59CC3100AB8F92 /* Headers */,
				AED6FAF12A59CC3100AB8F92 /* Sources */,
				AED6FAF22A59CC3100AB8F92 /* Frameworks */,
				AED6FAF32A59CC3100AB8F92 /* Resources */,
			);
			buildRules = (
			);
			dependencies = (
			);
			name = Movies;
			productName = Movies;
			productReference = AED6FAF52A59CC3100AB8F92 /* Movies.framework */;
			productType = "com.apple.product-type.framework";
		};
		AED6FAFE2A59CC3100AB8F92 /* MoviesTests */ = {
			isa = PBXNativeTarget;
			buildConfigurationList = AED6FB0C2A59CC3100AB8F92 /* Build configuration list for PBXNativeTarget "MoviesTests" */;
			buildPhases = (
				5F5AEB3719099E0ED879A9A8 /* [CP] Check Pods Manifest.lock */,
				AED6FAFB2A59CC3100AB8F92 /* Sources */,
				AED6FAFC2A59CC3100AB8F92 /* Frameworks */,
				AED6FAFD2A59CC3100AB8F92 /* Resources */,
				74685C06BAF07A19215B68CE /* [CP] Embed Pods Frameworks */,
			);
			buildRules = (
			);
			dependencies = (
				AED6FB022A59CC3100AB8F92 /* PBXTargetDependency */,
			);
			name = MoviesTests;
			productName = MoviesTests;
			productReference = AED6FAFF2A59CC3100AB8F92 /* MoviesTests.xctest */;
			productType = "com.apple.product-type.bundle.unit-test";
		};
/* End PBXNativeTarget section */

/* Begin PBXProject section */
		AED6FAEC2A59CC3100AB8F92 /* Project object */ = {
			isa = PBXProject;
			attributes = {
				BuildIndependentTargetsInParallel = 1;
				LastSwiftUpdateCheck = 1420;
				LastUpgradeCheck = 1420;
				TargetAttributes = {
					AED6FAF42A59CC3100AB8F92 = {
						CreatedOnToolsVersion = 14.2;
					};
					AED6FAFE2A59CC3100AB8F92 = {
						CreatedOnToolsVersion = 14.2;
					};
				};
			};
			buildConfigurationList = AED6FAEF2A59CC3100AB8F92 /* Build configuration list for PBXProject "Movies" */;
			compatibilityVersion = "Xcode 13.0";
			developmentRegion = en;
			hasScannedForEncodings = 0;
			knownRegions = (
				en,
				Base,
			);
			mainGroup = AED6FAEB2A59CC3100AB8F92;
			productRefGroup = AED6FAF62A59CC3100AB8F92 /* Products */;
			projectDirPath = "";
			projectReferences = (
				{
					ProductGroup = AE0136F42A59CDB200C38013 /* Products */;
					ProjectRef = AE0136F32A59CDB200C38013 /* Presentation.xcodeproj */;
				},
			);
			projectRoot = "";
			targets = (
				AED6FAF42A59CC3100AB8F92 /* Movies */,
				AED6FAFE2A59CC3100AB8F92 /* MoviesTests */,
			);
		};
/* End PBXProject section */

/* Begin PBXReferenceProxy section */
		AE0136F92A59CDB200C38013 /* Presentation.framework */ = {
			isa = PBXReferenceProxy;
			fileType = wrapper.framework;
			path = Presentation.framework;
			remoteRef = AE0136F82A59CDB200C38013 /* PBXContainerItemProxy */;
			sourceTree = BUILT_PRODUCTS_DIR;
		};
		AE0136FB2A59CDB200C38013 /* PresentationTests.xctest */ = {
			isa = PBXReferenceProxy;
			fileType = wrapper.cfbundle;
			path = PresentationTests.xctest;
			remoteRef = AE0136FA2A59CDB200C38013 /* PBXContainerItemProxy */;
			sourceTree = BUILT_PRODUCTS_DIR;
		};
/* End PBXReferenceProxy section */

/* Begin PBXResourcesBuildPhase section */
		AED6FAF32A59CC3100AB8F92 /* Resources */ = {
			isa = PBXResourcesBuildPhase;
			buildActionMask = 2147483647;
			files = (
				AE2E8DDA2A5F508B004FC80C /* MovieCollectionViewSectionHeader.xib in Resources */,
				AEB65F262A68A39600F80C46 /* MovieOverviewItemView.xib in Resources */,
				AEB65F1C2A68734E00F80C46 /* MovieInfoView.xib in Resources */,
				AEB65F212A68A0A900F80C46 /* MovieOverviewView.xib in Resources */,
				AE2E8D292A5CAC1F004FC80C /* MoviesLandingVC.xib in Resources */,
				AEB65F3E2A68AECB00F80C46 /* ProductionCompaniesView.xib in Resources */,
				AE7691E02A6712B800BA25D0 /* MovieDetailsVC.xib in Resources */,
				AEB65F422A68B69B00F80C46 /* ProductionCompanyCell.xib in Resources */,
				AE2E8DA22A5EB120004FC80C /* MovieCollectionViewCell.xib in Resources */,
			);
			runOnlyForDeploymentPostprocessing = 0;
		};
		AED6FAFD2A59CC3100AB8F92 /* Resources */ = {
			isa = PBXResourcesBuildPhase;
			buildActionMask = 2147483647;
			files = (
			);
			runOnlyForDeploymentPostprocessing = 0;
		};
/* End PBXResourcesBuildPhase section */

/* Begin PBXShellScriptBuildPhase section */
		3CFF5663CAE8B2A74BD638D9 /* [CP] Check Pods Manifest.lock */ = {
			isa = PBXShellScriptBuildPhase;
			buildActionMask = 2147483647;
			files = (
			);
			inputFileListPaths = (
			);
			inputPaths = (
				"${PODS_PODFILE_DIR_PATH}/Podfile.lock",
				"${PODS_ROOT}/Manifest.lock",
			);
			name = "[CP] Check Pods Manifest.lock";
			outputFileListPaths = (
			);
			outputPaths = (
				"$(DERIVED_FILE_DIR)/Pods-Movies-checkManifestLockResult.txt",
			);
			runOnlyForDeploymentPostprocessing = 0;
			shellPath = /bin/sh;
			shellScript = "diff \"${PODS_PODFILE_DIR_PATH}/Podfile.lock\" \"${PODS_ROOT}/Manifest.lock\" > /dev/null\nif [ $? != 0 ] ; then\n    # print error to STDERR\n    echo \"error: The sandbox is not in sync with the Podfile.lock. Run 'pod install' or update your CocoaPods installation.\" >&2\n    exit 1\nfi\n# This output is used by Xcode 'outputs' to avoid re-running this script phase.\necho \"SUCCESS\" > \"${SCRIPT_OUTPUT_FILE_0}\"\n";
			showEnvVarsInLog = 0;
		};
		5F5AEB3719099E0ED879A9A8 /* [CP] Check Pods Manifest.lock */ = {
			isa = PBXShellScriptBuildPhase;
			buildActionMask = 2147483647;
			files = (
			);
			inputFileListPaths = (
			);
			inputPaths = (
				"${PODS_PODFILE_DIR_PATH}/Podfile.lock",
				"${PODS_ROOT}/Manifest.lock",
			);
			name = "[CP] Check Pods Manifest.lock";
			outputFileListPaths = (
			);
			outputPaths = (
				"$(DERIVED_FILE_DIR)/Pods-MoviesTests-checkManifestLockResult.txt",
			);
			runOnlyForDeploymentPostprocessing = 0;
			shellPath = /bin/sh;
			shellScript = "diff \"${PODS_PODFILE_DIR_PATH}/Podfile.lock\" \"${PODS_ROOT}/Manifest.lock\" > /dev/null\nif [ $? != 0 ] ; then\n    # print error to STDERR\n    echo \"error: The sandbox is not in sync with the Podfile.lock. Run 'pod install' or update your CocoaPods installation.\" >&2\n    exit 1\nfi\n# This output is used by Xcode 'outputs' to avoid re-running this script phase.\necho \"SUCCESS\" > \"${SCRIPT_OUTPUT_FILE_0}\"\n";
			showEnvVarsInLog = 0;
		};
		74685C06BAF07A19215B68CE /* [CP] Embed Pods Frameworks */ = {
			isa = PBXShellScriptBuildPhase;
			buildActionMask = 2147483647;
			files = (
			);
			inputFileListPaths = (
				"${PODS_ROOT}/Target Support Files/Pods-MoviesTests/Pods-MoviesTests-frameworks-${CONFIGURATION}-input-files.xcfilelist",
			);
			name = "[CP] Embed Pods Frameworks";
			outputFileListPaths = (
				"${PODS_ROOT}/Target Support Files/Pods-MoviesTests/Pods-MoviesTests-frameworks-${CONFIGURATION}-output-files.xcfilelist",
			);
			runOnlyForDeploymentPostprocessing = 0;
			shellPath = /bin/sh;
			shellScript = "\"${PODS_ROOT}/Target Support Files/Pods-MoviesTests/Pods-MoviesTests-frameworks.sh\"\n";
			showEnvVarsInLog = 0;
		};
/* End PBXShellScriptBuildPhase section */

/* Begin PBXSourcesBuildPhase section */
		AED6FAF12A59CC3100AB8F92 /* Sources */ = {
			isa = PBXSourcesBuildPhase;
			buildActionMask = 2147483647;
			files = (
				AE2E8D982A5E7EFD004FC80C /* MoviesLandingState.swift in Sources */,
				AED6FAFA2A59CC3100AB8F92 /* Movies.docc in Sources */,
				AE2E8D972A5E7EFD004FC80C /* MoviesLandingViewModel.swift in Sources */,
				AE2E8D962A5E7EFD004FC80C /* MoviesLandingEvents.swift in Sources */,
				AEB65F1F2A68A0A200F80C46 /* MovieOverviewView.swift in Sources */,
				AE7691E62A67138D00BA25D0 /* MovieDetailsState.swift in Sources */,
				AEB65F172A68732800F80C46 /* MovieInfoView.swift in Sources */,
				AE2E8DA12A5EB120004FC80C /* MovieCollectionViewCell.swift in Sources */,
				AE7691DF2A6712B800BA25D0 /* MovieDetailsVC.swift in Sources */,
				AEB65F3C2A68AEBE00F80C46 /* ProductionCompaniesView.swift in Sources */,
				AEB65F412A68B69B00F80C46 /* ProductionCompanyCell.swift in Sources */,
				AE7692042A6749B900BA25D0 /* MovieOverviewItemView.swift in Sources */,
				AE7691E52A67138D00BA25D0 /* MovieDetailsViewModel.swift in Sources */,
				AE2E8D282A5CAC1F004FC80C /* MoviesLandingVC.swift in Sources */,
				AE7691E42A67138D00BA25D0 /* MovieDetailsEvents.swift in Sources */,
				AE2E8DD92A5F508B004FC80C /* MovieCollectionViewSectionHeader.swift in Sources */,
				AE2E8D222A5CABDA004FC80C /* MoviesCoordinator.swift in Sources */,
			);
			runOnlyForDeploymentPostprocessing = 0;
		};
		AED6FAFB2A59CC3100AB8F92 /* Sources */ = {
			isa = PBXSourcesBuildPhase;
			buildActionMask = 2147483647;
			files = (
				AED6FB052A59CC3100AB8F92 /* MoviesTests.swift in Sources */,
			);
			runOnlyForDeploymentPostprocessing = 0;
		};
/* End PBXSourcesBuildPhase section */

/* Begin PBXTargetDependency section */
		AED6FB022A59CC3100AB8F92 /* PBXTargetDependency */ = {
			isa = PBXTargetDependency;
			target = AED6FAF42A59CC3100AB8F92 /* Movies */;
			targetProxy = AED6FB012A59CC3100AB8F92 /* PBXContainerItemProxy */;
		};
/* End PBXTargetDependency section */

/* Begin XCBuildConfiguration section */
		AED6FB072A59CC3100AB8F92 /* Debug */ = {
			isa = XCBuildConfiguration;
			buildSettings = {
				ALWAYS_SEARCH_USER_PATHS = NO;
				CLANG_ANALYZER_NONNULL = YES;
				CLANG_ANALYZER_NUMBER_OBJECT_CONVERSION = YES_AGGRESSIVE;
				CLANG_CXX_LANGUAGE_STANDARD = "gnu++20";
				CLANG_ENABLE_MODULES = YES;
				CLANG_ENABLE_OBJC_ARC = YES;
				CLANG_ENABLE_OBJC_WEAK = YES;
				CLANG_WARN_BLOCK_CAPTURE_AUTORELEASING = YES;
				CLANG_WARN_BOOL_CONVERSION = YES;
				CLANG_WARN_COMMA = YES;
				CLANG_WARN_CONSTANT_CONVERSION = YES;
				CLANG_WARN_DEPRECATED_OBJC_IMPLEMENTATIONS = YES;
				CLANG_WARN_DIRECT_OBJC_ISA_USAGE = YES_ERROR;
				CLANG_WARN_DOCUMENTATION_COMMENTS = YES;
				CLANG_WARN_EMPTY_BODY = YES;
				CLANG_WARN_ENUM_CONVERSION = YES;
				CLANG_WARN_INFINITE_RECURSION = YES;
				CLANG_WARN_INT_CONVERSION = YES;
				CLANG_WARN_NON_LITERAL_NULL_CONVERSION = YES;
				CLANG_WARN_OBJC_IMPLICIT_RETAIN_SELF = YES;
				CLANG_WARN_OBJC_LITERAL_CONVERSION = YES;
				CLANG_WARN_OBJC_ROOT_CLASS = YES_ERROR;
				CLANG_WARN_QUOTED_INCLUDE_IN_FRAMEWORK_HEADER = YES;
				CLANG_WARN_RANGE_LOOP_ANALYSIS = YES;
				CLANG_WARN_STRICT_PROTOTYPES = YES;
				CLANG_WARN_SUSPICIOUS_MOVE = YES;
				CLANG_WARN_UNGUARDED_AVAILABILITY = YES_AGGRESSIVE;
				CLANG_WARN_UNREACHABLE_CODE = YES;
				CLANG_WARN__DUPLICATE_METHOD_MATCH = YES;
				COPY_PHASE_STRIP = NO;
				CURRENT_PROJECT_VERSION = 1;
				DEBUG_INFORMATION_FORMAT = dwarf;
				ENABLE_STRICT_OBJC_MSGSEND = YES;
				ENABLE_TESTABILITY = YES;
				GCC_C_LANGUAGE_STANDARD = gnu11;
				GCC_DYNAMIC_NO_PIC = NO;
				GCC_NO_COMMON_BLOCKS = YES;
				GCC_OPTIMIZATION_LEVEL = 0;
				GCC_PREPROCESSOR_DEFINITIONS = (
					"DEBUG=1",
					"$(inherited)",
				);
				GCC_WARN_64_TO_32_BIT_CONVERSION = YES;
				GCC_WARN_ABOUT_RETURN_TYPE = YES_ERROR;
				GCC_WARN_UNDECLARED_SELECTOR = YES;
				GCC_WARN_UNINITIALIZED_AUTOS = YES_AGGRESSIVE;
				GCC_WARN_UNUSED_FUNCTION = YES;
				GCC_WARN_UNUSED_VARIABLE = YES;
				IPHONEOS_DEPLOYMENT_TARGET = 15.0;
				MTL_ENABLE_DEBUG_INFO = INCLUDE_SOURCE;
				MTL_FAST_MATH = YES;
				ONLY_ACTIVE_ARCH = YES;
				SDKROOT = iphoneos;
				SWIFT_ACTIVE_COMPILATION_CONDITIONS = DEBUG;
				SWIFT_OPTIMIZATION_LEVEL = "-Onone";
				VERSIONING_SYSTEM = "apple-generic";
				VERSION_INFO_PREFIX = "";
			};
			name = Debug;
		};
		AED6FB082A59CC3100AB8F92 /* Release */ = {
			isa = XCBuildConfiguration;
			buildSettings = {
				ALWAYS_SEARCH_USER_PATHS = NO;
				CLANG_ANALYZER_NONNULL = YES;
				CLANG_ANALYZER_NUMBER_OBJECT_CONVERSION = YES_AGGRESSIVE;
				CLANG_CXX_LANGUAGE_STANDARD = "gnu++20";
				CLANG_ENABLE_MODULES = YES;
				CLANG_ENABLE_OBJC_ARC = YES;
				CLANG_ENABLE_OBJC_WEAK = YES;
				CLANG_WARN_BLOCK_CAPTURE_AUTORELEASING = YES;
				CLANG_WARN_BOOL_CONVERSION = YES;
				CLANG_WARN_COMMA = YES;
				CLANG_WARN_CONSTANT_CONVERSION = YES;
				CLANG_WARN_DEPRECATED_OBJC_IMPLEMENTATIONS = YES;
				CLANG_WARN_DIRECT_OBJC_ISA_USAGE = YES_ERROR;
				CLANG_WARN_DOCUMENTATION_COMMENTS = YES;
				CLANG_WARN_EMPTY_BODY = YES;
				CLANG_WARN_ENUM_CONVERSION = YES;
				CLANG_WARN_INFINITE_RECURSION = YES;
				CLANG_WARN_INT_CONVERSION = YES;
				CLANG_WARN_NON_LITERAL_NULL_CONVERSION = YES;
				CLANG_WARN_OBJC_IMPLICIT_RETAIN_SELF = YES;
				CLANG_WARN_OBJC_LITERAL_CONVERSION = YES;
				CLANG_WARN_OBJC_ROOT_CLASS = YES_ERROR;
				CLANG_WARN_QUOTED_INCLUDE_IN_FRAMEWORK_HEADER = YES;
				CLANG_WARN_RANGE_LOOP_ANALYSIS = YES;
				CLANG_WARN_STRICT_PROTOTYPES = YES;
				CLANG_WARN_SUSPICIOUS_MOVE = YES;
				CLANG_WARN_UNGUARDED_AVAILABILITY = YES_AGGRESSIVE;
				CLANG_WARN_UNREACHABLE_CODE = YES;
				CLANG_WARN__DUPLICATE_METHOD_MATCH = YES;
				COPY_PHASE_STRIP = NO;
				CURRENT_PROJECT_VERSION = 1;
				DEBUG_INFORMATION_FORMAT = "dwarf-with-dsym";
				ENABLE_NS_ASSERTIONS = NO;
				ENABLE_STRICT_OBJC_MSGSEND = YES;
				GCC_C_LANGUAGE_STANDARD = gnu11;
				GCC_NO_COMMON_BLOCKS = YES;
				GCC_WARN_64_TO_32_BIT_CONVERSION = YES;
				GCC_WARN_ABOUT_RETURN_TYPE = YES_ERROR;
				GCC_WARN_UNDECLARED_SELECTOR = YES;
				GCC_WARN_UNINITIALIZED_AUTOS = YES_AGGRESSIVE;
				GCC_WARN_UNUSED_FUNCTION = YES;
				GCC_WARN_UNUSED_VARIABLE = YES;
				IPHONEOS_DEPLOYMENT_TARGET = 15.0;
				MTL_ENABLE_DEBUG_INFO = NO;
				MTL_FAST_MATH = YES;
				SDKROOT = iphoneos;
				SWIFT_COMPILATION_MODE = wholemodule;
				SWIFT_OPTIMIZATION_LEVEL = "-O";
				VALIDATE_PRODUCT = YES;
				VERSIONING_SYSTEM = "apple-generic";
				VERSION_INFO_PREFIX = "";
			};
			name = Release;
		};
		AED6FB0A2A59CC3100AB8F92 /* Debug */ = {
			isa = XCBuildConfiguration;
			baseConfigurationReference = 67C0E5CD11D1926FC2281048 /* Pods-Movies.debug.xcconfig */;
			buildSettings = {
				CODE_SIGN_STYLE = Automatic;
				CURRENT_PROJECT_VERSION = 1;
				DEFINES_MODULE = YES;
				DEVELOPMENT_TEAM = PQV5BN264J;
				DYLIB_COMPATIBILITY_VERSION = 1;
				DYLIB_CURRENT_VERSION = 1;
				DYLIB_INSTALL_NAME_BASE = "@rpath";
				GENERATE_INFOPLIST_FILE = YES;
				INFOPLIST_KEY_NSHumanReadableCopyright = "";
				INSTALL_PATH = "$(LOCAL_LIBRARY_DIR)/Frameworks";
				IPHONEOS_DEPLOYMENT_TARGET = 15.0;
				LD_RUNPATH_SEARCH_PATHS = (
					"$(inherited)",
					"@executable_path/Frameworks",
					"@loader_path/Frameworks",
				);
				MARKETING_VERSION = 1.0;
				PRODUCT_BUNDLE_IDENTIFIER = gr.thanflix.Movies;
				PRODUCT_NAME = "$(TARGET_NAME:c99extidentifier)";
				SKIP_INSTALL = YES;
				SUPPORTED_PLATFORMS = "iphoneos iphonesimulator";
				SUPPORTS_MACCATALYST = NO;
				SUPPORTS_MAC_DESIGNED_FOR_IPHONE_IPAD = NO;
				SWIFT_EMIT_LOC_STRINGS = YES;
				SWIFT_VERSION = 5.0;
				TARGETED_DEVICE_FAMILY = 1;
			};
			name = Debug;
		};
		AED6FB0B2A59CC3100AB8F92 /* Release */ = {
			isa = XCBuildConfiguration;
			baseConfigurationReference = 37137977626F2C6FAC5D9531 /* Pods-Movies.release.xcconfig */;
			buildSettings = {
				CODE_SIGN_STYLE = Automatic;
				CURRENT_PROJECT_VERSION = 1;
				DEFINES_MODULE = YES;
				DEVELOPMENT_TEAM = PQV5BN264J;
				DYLIB_COMPATIBILITY_VERSION = 1;
				DYLIB_CURRENT_VERSION = 1;
				DYLIB_INSTALL_NAME_BASE = "@rpath";
				GENERATE_INFOPLIST_FILE = YES;
				INFOPLIST_KEY_NSHumanReadableCopyright = "";
				INSTALL_PATH = "$(LOCAL_LIBRARY_DIR)/Frameworks";
				IPHONEOS_DEPLOYMENT_TARGET = 15.0;
				LD_RUNPATH_SEARCH_PATHS = (
					"$(inherited)",
					"@executable_path/Frameworks",
					"@loader_path/Frameworks",
				);
				MARKETING_VERSION = 1.0;
				PRODUCT_BUNDLE_IDENTIFIER = gr.thanflix.Movies;
				PRODUCT_NAME = "$(TARGET_NAME:c99extidentifier)";
				SKIP_INSTALL = YES;
				SUPPORTED_PLATFORMS = "iphoneos iphonesimulator";
				SUPPORTS_MACCATALYST = NO;
				SUPPORTS_MAC_DESIGNED_FOR_IPHONE_IPAD = NO;
				SWIFT_EMIT_LOC_STRINGS = YES;
				SWIFT_VERSION = 5.0;
				TARGETED_DEVICE_FAMILY = 1;
			};
			name = Release;
		};
		AED6FB0D2A59CC3100AB8F92 /* Debug */ = {
			isa = XCBuildConfiguration;
			baseConfigurationReference = 18E0DAFD72E175BA3C71F1BB /* Pods-MoviesTests.debug.xcconfig */;
			buildSettings = {
				ALWAYS_EMBED_SWIFT_STANDARD_LIBRARIES = YES;
				CODE_SIGN_STYLE = Automatic;
				CURRENT_PROJECT_VERSION = 1;
				DEVELOPMENT_TEAM = PQV5BN264J;
				GENERATE_INFOPLIST_FILE = YES;
				MARKETING_VERSION = 1.0;
				PRODUCT_BUNDLE_IDENTIFIER = gr.thanflix.MoviesTests;
				PRODUCT_NAME = "$(TARGET_NAME)";
				SWIFT_EMIT_LOC_STRINGS = NO;
				SWIFT_VERSION = 5.0;
				TARGETED_DEVICE_FAMILY = "1,2";
			};
			name = Debug;
		};
		AED6FB0E2A59CC3100AB8F92 /* Release */ = {
			isa = XCBuildConfiguration;
			baseConfigurationReference = 20A9A698DE21B85EAE895912 /* Pods-MoviesTests.release.xcconfig */;
			buildSettings = {
				ALWAYS_EMBED_SWIFT_STANDARD_LIBRARIES = YES;
				CODE_SIGN_STYLE = Automatic;
				CURRENT_PROJECT_VERSION = 1;
				DEVELOPMENT_TEAM = PQV5BN264J;
				GENERATE_INFOPLIST_FILE = YES;
				MARKETING_VERSION = 1.0;
				PRODUCT_BUNDLE_IDENTIFIER = gr.thanflix.MoviesTests;
				PRODUCT_NAME = "$(TARGET_NAME)";
				SWIFT_EMIT_LOC_STRINGS = NO;
				SWIFT_VERSION = 5.0;
				TARGETED_DEVICE_FAMILY = "1,2";
			};
			name = Release;
		};
/* End XCBuildConfiguration section */

/* Begin XCConfigurationList section */
		AED6FAEF2A59CC3100AB8F92 /* Build configuration list for PBXProject "Movies" */ = {
			isa = XCConfigurationList;
			buildConfigurations = (
				AED6FB072A59CC3100AB8F92 /* Debug */,
				AED6FB082A59CC3100AB8F92 /* Release */,
			);
			defaultConfigurationIsVisible = 0;
			defaultConfigurationName = Release;
		};
		AED6FB092A59CC3100AB8F92 /* Build configuration list for PBXNativeTarget "Movies" */ = {
			isa = XCConfigurationList;
			buildConfigurations = (
				AED6FB0A2A59CC3100AB8F92 /* Debug */,
				AED6FB0B2A59CC3100AB8F92 /* Release */,
			);
			defaultConfigurationIsVisible = 0;
			defaultConfigurationName = Release;
		};
		AED6FB0C2A59CC3100AB8F92 /* Build configuration list for PBXNativeTarget "MoviesTests" */ = {
			isa = XCConfigurationList;
			buildConfigurations = (
				AED6FB0D2A59CC3100AB8F92 /* Debug */,
				AED6FB0E2A59CC3100AB8F92 /* Release */,
			);
			defaultConfigurationIsVisible = 0;
			defaultConfigurationName = Release;
		};
/* End XCConfigurationList section */
	};
	rootObject = AED6FAEC2A59CC3100AB8F92 /* Project object */;
}
